// !$*UTF8*$!
{
	archiveVersion = 1;
	classes = {
	};
	objectVersion = 50;
	objects = {

/* Begin PBXBuildFile section */
		06831ADD24ACE9CA0067EAE6 /* AppDelegate.swift in Sources */ = {isa = PBXBuildFile; fileRef = 06831ADC24ACE9CA0067EAE6 /* AppDelegate.swift */; };
		06831ADF24ACE9CA0067EAE6 /* SceneDelegate.swift in Sources */ = {isa = PBXBuildFile; fileRef = 06831ADE24ACE9CA0067EAE6 /* SceneDelegate.swift */; };
		06831AE124ACE9CA0067EAE6 /* ViewController.swift in Sources */ = {isa = PBXBuildFile; fileRef = 06831AE024ACE9CA0067EAE6 /* ViewController.swift */; };
		06831AE424ACE9CA0067EAE6 /* Main.storyboard in Resources */ = {isa = PBXBuildFile; fileRef = 06831AE224ACE9CA0067EAE6 /* Main.storyboard */; };
		06831AE624ACE9CC0067EAE6 /* Assets.xcassets in Resources */ = {isa = PBXBuildFile; fileRef = 06831AE524ACE9CC0067EAE6 /* Assets.xcassets */; };
		06831AE924ACE9CC0067EAE6 /* LaunchScreen.storyboard in Resources */ = {isa = PBXBuildFile; fileRef = 06831AE724ACE9CC0067EAE6 /* LaunchScreen.storyboard */; };
		FC0DB27C08D20C4B414149A6 /* Pods_prac_PiChart.framework in Frameworks */ = {isa = PBXBuildFile; fileRef = 1A097A97AA5555D67A23C106 /* Pods_prac_PiChart.framework */; };
/* End PBXBuildFile section */

/* Begin PBXFileReference section */
		06831AD924ACE9CA0067EAE6 /* prac_PiChart.app */ = {isa = PBXFileReference; explicitFileType = wrapper.application; includeInIndex = 0; path = prac_PiChart.app; sourceTree = BUILT_PRODUCTS_DIR; };
		06831ADC24ACE9CA0067EAE6 /* AppDelegate.swift */ = {isa = PBXFileReference; lastKnownFileType = sourcecode.swift; path = AppDelegate.swift; sourceTree = "<group>"; };
		06831ADE24ACE9CA0067EAE6 /* SceneDelegate.swift */ = {isa = PBXFileReference; lastKnownFileType = sourcecode.swift; path = SceneDelegate.swift; sourceTree = "<group>"; };
		06831AE024ACE9CA0067EAE6 /* ViewController.swift */ = {isa = PBXFileReference; lastKnownFileType = sourcecode.swift; path = ViewController.swift; sourceTree = "<group>"; };
		06831AE324ACE9CA0067EAE6 /* Base */ = {isa = PBXFileReference; lastKnownFileType = file.storyboard; name = Base; path = Base.lproj/Main.storyboard; sourceTree = "<group>"; };
		06831AE524ACE9CC0067EAE6 /* Assets.xcassets */ = {isa = PBXFileReference; lastKnownFileType = folder.assetcatalog; path = Assets.xcassets; sourceTree = "<group>"; };
		06831AE824ACE9CC0067EAE6 /* Base */ = {isa = PBXFileReference; lastKnownFileType = file.storyboard; name = Base; path = Base.lproj/LaunchScreen.storyboard; sourceTree = "<group>"; };
		06831AEA24ACE9CC0067EAE6 /* Info.plist */ = {isa = PBXFileReference; lastKnownFileType = text.plist.xml; path = Info.plist; sourceTree = "<group>"; };
		130748DCF04D9B975E47B6FD /* Pods-prac_PiChart.release.xcconfig */ = {isa = PBXFileReference; includeInIndex = 1; lastKnownFileType = text.xcconfig; name = "Pods-prac_PiChart.release.xcconfig"; path = "Target Support Files/Pods-prac_PiChart/Pods-prac_PiChart.release.xcconfig"; sourceTree = "<group>"; };
		1A097A97AA5555D67A23C106 /* Pods_prac_PiChart.framework */ = {isa = PBXFileReference; explicitFileType = wrapper.framework; includeInIndex = 0; path = Pods_prac_PiChart.framework; sourceTree = BUILT_PRODUCTS_DIR; };
		8A1003325BD9EECCE43BBA41 /* Pods-prac_PiChart.debug.xcconfig */ = {isa = PBXFileReference; includeInIndex = 1; lastKnownFileType = text.xcconfig; name = "Pods-prac_PiChart.debug.xcconfig"; path = "Target Support Files/Pods-prac_PiChart/Pods-prac_PiChart.debug.xcconfig"; sourceTree = "<group>"; };
/* End PBXFileReference section */

/* Begin PBXFrameworksBuildPhase section */
		06831AD624ACE9CA0067EAE6 /* Frameworks */ = {
			isa = PBXFrameworksBuildPhase;
			buildActionMask = 2147483647;
			files = (
				FC0DB27C08D20C4B414149A6 /* Pods_prac_PiChart.framework in Frameworks */,
			);
			runOnlyForDeploymentPostprocessing = 0;
		};
/* End PBXFrameworksBuildPhase section */

/* Begin PBXGroup section */
		06831AD024ACE9CA0067EAE6 = {
			isa = PBXGroup;
			children = (
				06831ADB24ACE9CA0067EAE6 /* prac_PiChart */,
				06831ADA24ACE9CA0067EAE6 /* Products */,
				C78B9B76F4EE2FBE97796318 /* Pods */,
				802DC293D4BC5A95ECF1EB28 /* Frameworks */,
			);
			sourceTree = "<group>";
		};
		06831ADA24ACE9CA0067EAE6 /* Products */ = {
			isa = PBXGroup;
			children = (
				06831AD924ACE9CA0067EAE6 /* prac_PiChart.app */,
			);
			name = Products;
			sourceTree = "<group>";
		};
		06831ADB24ACE9CA0067EAE6 /* prac_PiChart */ = {
			isa = PBXGroup;
			children = (
				06831ADC24ACE9CA0067EAE6 /* AppDelegate.swift */,
				06831ADE24ACE9CA0067EAE6 /* SceneDelegate.swift */,
				06831AE024ACE9CA0067EAE6 /* ViewController.swift */,
				06831AE224ACE9CA0067EAE6 /* Main.storyboard */,
				06831AE524ACE9CC0067EAE6 /* Assets.xcassets */,
				06831AE724ACE9CC0067EAE6 /* LaunchScreen.storyboard */,
				06831AEA24ACE9CC0067EAE6 /* Info.plist */,
			);
			path = prac_PiChart;
			sourceTree = "<group>";
		};
		802DC293D4BC5A95ECF1EB28 /* Frameworks */ = {
			isa = PBXGroup;
			children = (
				1A097A97AA5555D67A23C106 /* Pods_prac_PiChart.framework */,
			);
			name = Frameworks;
			sourceTree = "<group>";
		};
		C78B9B76F4EE2FBE97796318 /* Pods */ = {
			isa = PBXGroup;
			children = (
				8A1003325BD9EECCE43BBA41 /* Pods-prac_PiChart.debug.xcconfig */,
				130748DCF04D9B975E47B6FD /* Pods-prac_PiChart.release.xcconfig */,
			);
			name = Pods;
			path = Pods;
			sourceTree = "<group>";
		};
/* End PBXGroup section */

/* Begin PBXNativeTarget section */
		06831AD824ACE9CA0067EAE6 /* prac_PiChart */ = {
			isa = PBXNativeTarget;
			buildConfigurationList = 06831AED24ACE9CC0067EAE6 /* Build configuration list for PBXNativeTarget "prac_PiChart" */;
			buildPhases = (
				5A38B1AE0A65EE88A996C8F5 /* [CP] Check Pods Manifest.lock */,
				06831AD524ACE9CA0067EAE6 /* Sources */,
				06831AD624ACE9CA0067EAE6 /* Frameworks */,
				06831AD724ACE9CA0067EAE6 /* Resources */,
				C2E2EAB00465B524B56BF9B9 /* [CP] Embed Pods Frameworks */,
			);
			buildRules = (
			);
			dependencies = (
			);
			name = prac_PiChart;
			productName = prac_PiChart;
			productReference = 06831AD924ACE9CA0067EAE6 /* prac_PiChart.app */;
			productType = "com.apple.product-type.application";
		};
/* End PBXNativeTarget section */

/* Begin PBXProject section */
		06831AD124ACE9CA0067EAE6 /* Project object */ = {
			isa = PBXProject;
			attributes = {
				LastSwiftUpdateCheck = 1150;
				LastUpgradeCheck = 1150;
				ORGANIZATIONNAME = "남수김";
				TargetAttributes = {
					06831AD824ACE9CA0067EAE6 = {
						CreatedOnToolsVersion = 11.5;
					};
				};
			};
			buildConfigurationList = 06831AD424ACE9CA0067EAE6 /* Build configuration list for PBXProject "prac_PiChart" */;
			compatibilityVersion = "Xcode 9.3";
			developmentRegion = en;
			hasScannedForEncodings = 0;
			knownRegions = (
				en,
				Base,
			);
			mainGroup = 06831AD024ACE9CA0067EAE6;
			productRefGroup = 06831ADA24ACE9CA0067EAE6 /* Products */;
			projectDirPath = "";
			projectRoot = "";
			targets = (
				06831AD824ACE9CA0067EAE6 /* prac_PiChart */,
			);
		};
/* End PBXProject section */

/* Begin PBXResourcesBuildPhase section */
		06831AD724ACE9CA0067EAE6 /* Resources */ = {
			isa = PBXResourcesBuildPhase;
			buildActionMask = 2147483647;
			files = (
				06831AE924ACE9CC0067EAE6 /* LaunchScreen.storyboard in Resources */,
				06831AE624ACE9CC0067EAE6 /* Assets.xcassets in Resources */,
				06831AE424ACE9CA0067EAE6 /* Main.storyboard in Resources */,
			);
			runOnlyForDeploymentPostprocessing = 0;
		};
/* End PBXResourcesBuildPhase section */

/* Begin PBXShellScriptBuildPhase section */
		5A38B1AE0A65EE88A996C8F5 /* [CP] Check Pods Manifest.lock */ = {
			isa = PBXShellScriptBuildPhase;
			buildActionMask = 2147483647;
			files = (
			);
			inputFileListPaths = (
			);
			inputPaths = (
				"${PODS_PODFILE_DIR_PATH}/Podfile.lock",
				"${PODS_ROOT}/Manifest.lock",
			);
			name = "[CP] Check Pods Manifest.lock";
			outputFileListPaths = (
			);
			outputPaths = (
				"$(DERIVED_FILE_DIR)/Pods-prac_PiChart-checkManifestLockResult.txt",
			);
			runOnlyForDeploymentPostprocessing = 0;
			shellPath = /bin/sh;
			shellScript = "diff \"${PODS_PODFILE_DIR_PATH}/Podfile.lock\" \"${PODS_ROOT}/Manifest.lock\" > /dev/null\nif [ $? != 0 ] ; then\n    # print error to STDERR\n    echo \"error: The sandbox is not in sync with the Podfile.lock. Run 'pod install' or update your CocoaPods installation.\" >&2\n    exit 1\nfi\n# This output is used by Xcode 'outputs' to avoid re-running this script phase.\necho \"SUCCESS\" > \"${SCRIPT_OUTPUT_FILE_0}\"\n";
			showEnvVarsInLog = 0;
		};
		C2E2EAB00465B524B56BF9B9 /* [CP] Embed Pods Frameworks */ = {
			isa = PBXShellScriptBuildPhase;
			buildActionMask = 2147483647;
			files = (
			);
			inputFileListPaths = (
				"${PODS_ROOT}/Target Support Files/Pods-prac_PiChart/Pods-prac_PiChart-frameworks-${CONFIGURATION}-input-files.xcfilelist",
			);
			name = "[CP] Embed Pods Frameworks";
			outputFileListPaths = (
				"${PODS_ROOT}/Target Support Files/Pods-prac_PiChart/Pods-prac_PiChart-frameworks-${CONFIGURATION}-output-files.xcfilelist",
			);
			runOnlyForDeploymentPostprocessing = 0;
			shellPath = /bin/sh;
			shellScript = "\"${PODS_ROOT}/Target Support Files/Pods-prac_PiChart/Pods-prac_PiChart-frameworks.sh\"\n";
			showEnvVarsInLog = 0;
		};
/* End PBXShellScriptBuildPhase section */

/* Begin PBXSourcesBuildPhase section */
		06831AD524ACE9CA0067EAE6 /* Sources */ = {
			isa = PBXSourcesBuildPhase;
			buildActionMask = 2147483647;
			files = (
				06831AE124ACE9CA0067EAE6 /* ViewController.swift in Sources */,
				06831ADD24ACE9CA0067EAE6 /* AppDelegate.swift in Sources */,
				06831ADF24ACE9CA0067EAE6 /* SceneDelegate.swift in Sources */,
			);
			runOnlyForDeploymentPostprocessing = 0;
		};
/* End PBXSourcesBuildPhase section */

/* Begin PBXVariantGroup section */
		06831AE224ACE9CA0067EAE6 /* Main.storyboard */ = {
			isa = PBXVariantGroup;
			children = (
				06831AE324ACE9CA0067EAE6 /* Base */,
			);
			name = Main.storyboard;
			sourceTree = "<group>";
		};
		06831AE724ACE9CC0067EAE6 /* LaunchScreen.storyboard */ = {
			isa = PBXVariantGroup;
			children = (
				06831AE824ACE9CC0067EAE6 /* Base */,
			);
			name = LaunchScreen.storyboard;
			sourceTree = "<group>";
		};
/* End PBXVariantGroup section */

/* Begin XCBuildConfiguration section */
		06831AEB24ACE9CC0067EAE6 /* Debug */ = {
			isa = XCBuildConfiguration;
			buildSettings = {
				ALWAYS_SEARCH_USER_PATHS = NO;
				CLANG_ANALYZER_NONNULL = YES;
				CLANG_ANALYZER_NUMBER_OBJECT_CONVERSION = YES_AGGRESSIVE;
				CLANG_CXX_LANGUAGE_STANDARD = "gnu++14";
				CLANG_CXX_LIBRARY = "libc++";
				CLANG_ENABLE_MODULES = YES;
				CLANG_ENABLE_OBJC_ARC = YES;
				CLANG_ENABLE_OBJC_WEAK = YES;
				CLANG_WARN_BLOCK_CAPTURE_AUTORELEASING = YES;
				CLANG_WARN_BOOL_CONVERSION = YES;
				CLANG_WARN_COMMA = YES;
				CLANG_WARN_CONSTANT_CONVERSION = YES;
				CLANG_WARN_DEPRECATED_OBJC_IMPLEMENTATIONS = YES;
				CLANG_WARN_DIRECT_OBJC_ISA_USAGE = YES_ERROR;
				CLANG_WARN_DOCUMENTATION_COMMENTS = YES;
				CLANG_WARN_EMPTY_BODY = YES;
				CLANG_WARN_ENUM_CONVERSION = YES;
				CLANG_WARN_INFINITE_RECURSION = YES;
				CLANG_WARN_INT_CONVERSION = YES;
				CLANG_WARN_NON_LITERAL_NULL_CONVERSION = YES;
				CLANG_WARN_OBJC_IMPLICIT_RETAIN_SELF = YES;
				CLANG_WARN_OBJC_LITERAL_CONVERSION = YES;
				CLANG_WARN_OBJC_ROOT_CLASS = YES_ERROR;
				CLANG_WARN_RANGE_LOOP_ANALYSIS = YES;
				CLANG_WARN_STRICT_PROTOTYPES = YES;
				CLANG_WARN_SUSPICIOUS_MOVE = YES;
				CLANG_WARN_UNGUARDED_AVAILABILITY = YES_AGGRESSIVE;
				CLANG_WARN_UNREACHABLE_CODE = YES;
				CLANG_WARN__DUPLICATE_METHOD_MATCH = YES;
				COPY_PHASE_STRIP = NO;
				DEBUG_INFORMATION_FORMAT = dwarf;
				ENABLE_STRICT_OBJC_MSGSEND = YES;
				ENABLE_TESTABILITY = YES;
				GCC_C_LANGUAGE_STANDARD = gnu11;
				GCC_DYNAMIC_NO_PIC = NO;
				GCC_NO_COMMON_BLOCKS = YES;
				GCC_OPTIMIZATION_LEVEL = 0;
				GCC_PREPROCESSOR_DEFINITIONS = (
					"DEBUG=1",
					"$(inherited)",
				);
				GCC_WARN_64_TO_32_BIT_CONVERSION = YES;
				GCC_WARN_ABOUT_RETURN_TYPE = YES_ERROR;
				GCC_WARN_UNDECLARED_SELECTOR = YES;
				GCC_WARN_UNINITIALIZED_AUTOS = YES_AGGRESSIVE;
				GCC_WARN_UNUSED_FUNCTION = YES;
				GCC_WARN_UNUSED_VARIABLE = YES;
				IPHONEOS_DEPLOYMENT_TARGET = 13.5;
				MTL_ENABLE_DEBUG_INFO = INCLUDE_SOURCE;
				MTL_FAST_MATH = YES;
				ONLY_ACTIVE_ARCH = YES;
				SDKROOT = iphoneos;
				SWIFT_ACTIVE_COMPILATION_CONDITIONS = DEBUG;
				SWIFT_OPTIMIZATION_LEVEL = "-Onone";
			};
			name = Debug;
		};
		06831AEC24ACE9CC0067EAE6 /* Release */ = {
			isa = XCBuildConfiguration;
			buildSettings = {
				ALWAYS_SEARCH_USER_PATHS = NO;
				CLANG_ANALYZER_NONNULL = YES;
				CLANG_ANALYZER_NUMBER_OBJECT_CONVERSION = YES_AGGRESSIVE;
				CLANG_CXX_LANGUAGE_STANDARD = "gnu++14";
				CLANG_CXX_LIBRARY = "libc++";
				CLANG_ENABLE_MODULES = YES;
				CLANG_ENABLE_OBJC_ARC = YES;
				CLANG_ENABLE_OBJC_WEAK = YES;
				CLANG_WARN_BLOCK_CAPTURE_AUTORELEASING = YES;
				CLANG_WARN_BOOL_CONVERSION = YES;
				CLANG_WARN_COMMA = YES;
				CLANG_WARN_CONSTANT_CONVERSION = YES;
				CLANG_WARN_DEPRECATED_OBJC_IMPLEMENTATIONS = YES;
				CLANG_WARN_DIRECT_OBJC_ISA_USAGE = YES_ERROR;
				CLANG_WARN_DOCUMENTATION_COMMENTS = YES;
				CLANG_WARN_EMPTY_BODY = YES;
				CLANG_WARN_ENUM_CONVERSION = YES;
				CLANG_WARN_INFINITE_RECURSION = YES;
				CLANG_WARN_INT_CONVERSION = YES;
				CLANG_WARN_NON_LITERAL_NULL_CONVERSION = YES;
				CLANG_WARN_OBJC_IMPLICIT_RETAIN_SELF = YES;
				CLANG_WARN_OBJC_LITERAL_CONVERSION = YES;
				CLANG_WARN_OBJC_ROOT_CLASS = YES_ERROR;
				CLANG_WARN_RANGE_LOOP_ANALYSIS = YES;
				CLANG_WARN_STRICT_PROTOTYPES = YES;
				CLANG_WARN_SUSPICIOUS_MOVE = YES;
				CLANG_WARN_UNGUARDED_AVAILABILITY = YES_AGGRESSIVE;
				CLANG_WARN_UNREACHABLE_CODE = YES;
				CLANG_WARN__DUPLICATE_METHOD_MATCH = YES;
				COPY_PHASE_STRIP = NO;
				DEBUG_INFORMATION_FORMAT = "dwarf-with-dsym";
				ENABLE_NS_ASSERTIONS = NO;
				ENABLE_STRICT_OBJC_MSGSEND = YES;
				GCC_C_LANGUAGE_STANDARD = gnu11;
				GCC_NO_COMMON_BLOCKS = YES;
				GCC_WARN_64_TO_32_BIT_CONVERSION = YES;
				GCC_WARN_ABOUT_RETURN_TYPE = YES_ERROR;
				GCC_WARN_UNDECLARED_SELECTOR = YES;
				GCC_WARN_UNINITIALIZED_AUTOS = YES_AGGRESSIVE;
				GCC_WARN_UNUSED_FUNCTION = YES;
				GCC_WARN_UNUSED_VARIABLE = YES;
				IPHONEOS_DEPLOYMENT_TARGET = 13.5;
				MTL_ENABLE_DEBUG_INFO = NO;
				MTL_FAST_MATH = YES;
				SDKROOT = iphoneos;
				SWIFT_COMPILATION_MODE = wholemodule;
				SWIFT_OPTIMIZATION_LEVEL = "-O";
				VALIDATE_PRODUCT = YES;
			};
			name = Release;
		};
		06831AEE24ACE9CC0067EAE6 /* Debug */ = {
			isa = XCBuildConfiguration;
			baseConfigurationReference = 8A1003325BD9EECCE43BBA41 /* Pods-prac_PiChart.debug.xcconfig */;
			buildSettings = {
				ASSETCATALOG_COMPILER_APPICON_NAME = AppIcon;
				CODE_SIGN_STYLE = Automatic;
				DEVELOPMENT_TEAM = 7Z2CV7TB8R;
				INFOPLIST_FILE = prac_PiChart/Info.plist;
				LD_RUNPATH_SEARCH_PATHS = (
					"$(inherited)",
					"@executable_path/Frameworks",
				);
				PRODUCT_BUNDLE_IDENTIFIER = "ns.prac-PiChart";
				PRODUCT_NAME = "$(TARGET_NAME)";
				SWIFT_VERSION = 5.0;
				TARGETED_DEVICE_FAMILY = "1,2";
			};
			name = Debug;
		};
		06831AEF24ACE9CC0067EAE6 /* Release */ = {
			isa = XCBuildConfiguration;
			baseConfigurationReference = 130748DCF04D9B975E47B6FD /* Pods-prac_PiChart.release.xcconfig */;
			buildSettings = {
				ASSETCATALOG_COMPILER_APPICON_NAME = AppIcon;
				CODE_SIGN_STYLE = Automatic;
				DEVELOPMENT_TEAM = 7Z2CV7TB8R;
				INFOPLIST_FILE = prac_PiChart/Info.plist;
				LD_RUNPATH_SEARCH_PATHS = (
					"$(inherited)",
					"@executable_path/Frameworks",
				);
				PRODUCT_BUNDLE_IDENTIFIER = "ns.prac-PiChart";
				PRODUCT_NAME = "$(TARGET_NAME)";
				SWIFT_VERSION = 5.0;
				TARGETED_DEVICE_FAMILY = "1,2";
			};
			name = Release;
		};
/* End XCBuildConfiguration section */

/* Begin XCConfigurationList section */
		06831AD424ACE9CA0067EAE6 /* Build configuration list for PBXProject "prac_PiChart" */ = {
			isa = XCConfigurationList;
			buildConfigurations = (
				06831AEB24ACE9CC0067EAE6 /* Debug */,
				06831AEC24ACE9CC0067EAE6 /* Release */,
			);
			defaultConfigurationIsVisible = 0;
			defaultConfigurationName = Release;
		};
		06831AED24ACE9CC0067EAE6 /* Build configuration list for PBXNativeTarget "prac_PiChart" */ = {
			isa = XCConfigurationList;
			buildConfigurations = (
				06831AEE24ACE9CC0067EAE6 /* Debug */,
				06831AEF24ACE9CC0067EAE6 /* Release */,
			);
			defaultConfigurationIsVisible = 0;
			defaultConfigurationName = Release;
		};
/* End XCConfigurationList section */
	};
	rootObject = 06831AD124ACE9CA0067EAE6 /* Project object */;
}
