// !$*UTF8*$!
{
	archiveVersion = 1;
	classes = {
	};
	objectVersion = 50;
	objects = {

/* Begin PBXBuildFile section */
		060D5DCE24F65145002273DD /* AppDelegate.swift in Sources */ = {isa = PBXBuildFile; fileRef = 060D5DCD24F65145002273DD /* AppDelegate.swift */; };
		060D5DD024F65145002273DD /* SceneDelegate.swift in Sources */ = {isa = PBXBuildFile; fileRef = 060D5DCF24F65145002273DD /* SceneDelegate.swift */; };
		060D5DD224F65145002273DD /* ViewController.swift in Sources */ = {isa = PBXBuildFile; fileRef = 060D5DD124F65145002273DD /* ViewController.swift */; };
		060D5DD524F65145002273DD /* Main.storyboard in Resources */ = {isa = PBXBuildFile; fileRef = 060D5DD324F65145002273DD /* Main.storyboard */; };
		060D5DD724F65147002273DD /* Assets.xcassets in Resources */ = {isa = PBXBuildFile; fileRef = 060D5DD624F65147002273DD /* Assets.xcassets */; };
		060D5DDA24F65147002273DD /* LaunchScreen.storyboard in Resources */ = {isa = PBXBuildFile; fileRef = 060D5DD824F65147002273DD /* LaunchScreen.storyboard */; };
		060D5DE224F652A8002273DD /* Settings.bundle in Resources */ = {isa = PBXBuildFile; fileRef = 060D5DE124F652A8002273DD /* Settings.bundle */; };
/* End PBXBuildFile section */

/* Begin PBXFileReference section */
		060D5DCA24F65145002273DD /* prac_SettingBundle.app */ = {isa = PBXFileReference; explicitFileType = wrapper.application; includeInIndex = 0; path = prac_SettingBundle.app; sourceTree = BUILT_PRODUCTS_DIR; };
		060D5DCD24F65145002273DD /* AppDelegate.swift */ = {isa = PBXFileReference; lastKnownFileType = sourcecode.swift; path = AppDelegate.swift; sourceTree = "<group>"; };
		060D5DCF24F65145002273DD /* SceneDelegate.swift */ = {isa = PBXFileReference; lastKnownFileType = sourcecode.swift; path = SceneDelegate.swift; sourceTree = "<group>"; };
		060D5DD124F65145002273DD /* ViewController.swift */ = {isa = PBXFileReference; lastKnownFileType = sourcecode.swift; path = ViewController.swift; sourceTree = "<group>"; };
		060D5DD424F65145002273DD /* Base */ = {isa = PBXFileReference; lastKnownFileType = file.storyboard; name = Base; path = Base.lproj/Main.storyboard; sourceTree = "<group>"; };
		060D5DD624F65147002273DD /* Assets.xcassets */ = {isa = PBXFileReference; lastKnownFileType = folder.assetcatalog; path = Assets.xcassets; sourceTree = "<group>"; };
		060D5DD924F65147002273DD /* Base */ = {isa = PBXFileReference; lastKnownFileType = file.storyboard; name = Base; path = Base.lproj/LaunchScreen.storyboard; sourceTree = "<group>"; };
		060D5DDB24F65147002273DD /* Info.plist */ = {isa = PBXFileReference; lastKnownFileType = text.plist.xml; path = Info.plist; sourceTree = "<group>"; };
		060D5DE124F652A8002273DD /* Settings.bundle */ = {isa = PBXFileReference; lastKnownFileType = "wrapper.plug-in"; path = Settings.bundle; sourceTree = "<group>"; };
/* End PBXFileReference section */

/* Begin PBXFrameworksBuildPhase section */
		060D5DC724F65145002273DD /* Frameworks */ = {
			isa = PBXFrameworksBuildPhase;
			buildActionMask = 2147483647;
			files = (
			);
			runOnlyForDeploymentPostprocessing = 0;
		};
/* End PBXFrameworksBuildPhase section */

/* Begin PBXGroup section */
		060D5DC124F65145002273DD = {
			isa = PBXGroup;
			children = (
				060D5DCC24F65145002273DD /* prac_SettingBundle */,
				060D5DCB24F65145002273DD /* Products */,
			);
			sourceTree = "<group>";
		};
		060D5DCB24F65145002273DD /* Products */ = {
			isa = PBXGroup;
			children = (
				060D5DCA24F65145002273DD /* prac_SettingBundle.app */,
			);
			name = Products;
			sourceTree = "<group>";
		};
		060D5DCC24F65145002273DD /* prac_SettingBundle */ = {
			isa = PBXGroup;
			children = (
				060D5DCD24F65145002273DD /* AppDelegate.swift */,
				060D5DCF24F65145002273DD /* SceneDelegate.swift */,
				060D5DD124F65145002273DD /* ViewController.swift */,
				060D5DE124F652A8002273DD /* Settings.bundle */,
				060D5DD324F65145002273DD /* Main.storyboard */,
				060D5DD624F65147002273DD /* Assets.xcassets */,
				060D5DD824F65147002273DD /* LaunchScreen.storyboard */,
				060D5DDB24F65147002273DD /* Info.plist */,
			);
			path = prac_SettingBundle;
			sourceTree = "<group>";
		};
/* End PBXGroup section */

/* Begin PBXNativeTarget section */
		060D5DC924F65145002273DD /* prac_SettingBundle */ = {
			isa = PBXNativeTarget;
			buildConfigurationList = 060D5DDE24F65147002273DD /* Build configuration list for PBXNativeTarget "prac_SettingBundle" */;
			buildPhases = (
				060D5DC624F65145002273DD /* Sources */,
				060D5DC724F65145002273DD /* Frameworks */,
				060D5DC824F65145002273DD /* Resources */,
			);
			buildRules = (
			);
			dependencies = (
			);
			name = prac_SettingBundle;
			productName = prac_SettingBundle;
			productReference = 060D5DCA24F65145002273DD /* prac_SettingBundle.app */;
			productType = "com.apple.product-type.application";
		};
/* End PBXNativeTarget section */

/* Begin PBXProject section */
		060D5DC224F65145002273DD /* Project object */ = {
			isa = PBXProject;
			attributes = {
				LastSwiftUpdateCheck = 1150;
				LastUpgradeCheck = 1150;
				ORGANIZATIONNAME = "남수김";
				TargetAttributes = {
					060D5DC924F65145002273DD = {
						CreatedOnToolsVersion = 11.5;
					};
				};
			};
			buildConfigurationList = 060D5DC524F65145002273DD /* Build configuration list for PBXProject "prac_SettingBundle" */;
			compatibilityVersion = "Xcode 9.3";
			developmentRegion = en;
			hasScannedForEncodings = 0;
			knownRegions = (
				en,
				Base,
			);
			mainGroup = 060D5DC124F65145002273DD;
			productRefGroup = 060D5DCB24F65145002273DD /* Products */;
			projectDirPath = "";
			projectRoot = "";
			targets = (
				060D5DC924F65145002273DD /* prac_SettingBundle */,
			);
		};
/* End PBXProject section */

/* Begin PBXResourcesBuildPhase section */
		060D5DC824F65145002273DD /* Resources */ = {
			isa = PBXResourcesBuildPhase;
			buildActionMask = 2147483647;
			files = (
				060D5DE224F652A8002273DD /* Settings.bundle in Resources */,
				060D5DDA24F65147002273DD /* LaunchScreen.storyboard in Resources */,
				060D5DD724F65147002273DD /* Assets.xcassets in Resources */,
				060D5DD524F65145002273DD /* Main.storyboard in Resources */,
			);
			runOnlyForDeploymentPostprocessing = 0;
		};
/* End PBXResourcesBuildPhase section */

/* Begin PBXSourcesBuildPhase section */
		060D5DC624F65145002273DD /* Sources */ = {
			isa = PBXSourcesBuildPhase;
			buildActionMask = 2147483647;
			files = (
				060D5DD224F65145002273DD /* ViewController.swift in Sources */,
				060D5DCE24F65145002273DD /* AppDelegate.swift in Sources */,
				060D5DD024F65145002273DD /* SceneDelegate.swift in Sources */,
			);
			runOnlyForDeploymentPostprocessing = 0;
		};
/* End PBXSourcesBuildPhase section */

/* Begin PBXVariantGroup section */
		060D5DD324F65145002273DD /* Main.storyboard */ = {
			isa = PBXVariantGroup;
			children = (
				060D5DD424F65145002273DD /* Base */,
			);
			name = Main.storyboard;
			sourceTree = "<group>";
		};
		060D5DD824F65147002273DD /* LaunchScreen.storyboard */ = {
			isa = PBXVariantGroup;
			children = (
				060D5DD924F65147002273DD /* Base */,
			);
			name = LaunchScreen.storyboard;
			sourceTree = "<group>";
		};
/* End PBXVariantGroup section */

/* Begin XCBuildConfiguration section */
		060D5DDC24F65147002273DD /* Debug */ = {
			isa = XCBuildConfiguration;
			buildSettings = {
				ALWAYS_SEARCH_USER_PATHS = NO;
				CLANG_ANALYZER_NONNULL = YES;
				CLANG_ANALYZER_NUMBER_OBJECT_CONVERSION = YES_AGGRESSIVE;
				CLANG_CXX_LANGUAGE_STANDARD = "gnu++14";
				CLANG_CXX_LIBRARY = "libc++";
				CLANG_ENABLE_MODULES = YES;
				CLANG_ENABLE_OBJC_ARC = YES;
				CLANG_ENABLE_OBJC_WEAK = YES;
				CLANG_WARN_BLOCK_CAPTURE_AUTORELEASING = YES;
				CLANG_WARN_BOOL_CONVERSION = YES;
				CLANG_WARN_COMMA = YES;
				CLANG_WARN_CONSTANT_CONVERSION = YES;
				CLANG_WARN_DEPRECATED_OBJC_IMPLEMENTATIONS = YES;
				CLANG_WARN_DIRECT_OBJC_ISA_USAGE = YES_ERROR;
				CLANG_WARN_DOCUMENTATION_COMMENTS = YES;
				CLANG_WARN_EMPTY_BODY = YES;
				CLANG_WARN_ENUM_CONVERSION = YES;
				CLANG_WARN_INFINITE_RECURSION = YES;
				CLANG_WARN_INT_CONVERSION = YES;
				CLANG_WARN_NON_LITERAL_NULL_CONVERSION = YES;
				CLANG_WARN_OBJC_IMPLICIT_RETAIN_SELF = YES;
				CLANG_WARN_OBJC_LITERAL_CONVERSION = YES;
				CLANG_WARN_OBJC_ROOT_CLASS = YES_ERROR;
				CLANG_WARN_RANGE_LOOP_ANALYSIS = YES;
				CLANG_WARN_STRICT_PROTOTYPES = YES;
				CLANG_WARN_SUSPICIOUS_MOVE = YES;
				CLANG_WARN_UNGUARDED_AVAILABILITY = YES_AGGRESSIVE;
				CLANG_WARN_UNREACHABLE_CODE = YES;
				CLANG_WARN__DUPLICATE_METHOD_MATCH = YES;
				COPY_PHASE_STRIP = NO;
				DEBUG_INFORMATION_FORMAT = dwarf;
				ENABLE_STRICT_OBJC_MSGSEND = YES;
				ENABLE_TESTABILITY = YES;
				GCC_C_LANGUAGE_STANDARD = gnu11;
				GCC_DYNAMIC_NO_PIC = NO;
				GCC_NO_COMMON_BLOCKS = YES;
				GCC_OPTIMIZATION_LEVEL = 0;
				GCC_PREPROCESSOR_DEFINITIONS = (
					"DEBUG=1",
					"$(inherited)",
				);
				GCC_WARN_64_TO_32_BIT_CONVERSION = YES;
				GCC_WARN_ABOUT_RETURN_TYPE = YES_ERROR;
				GCC_WARN_UNDECLARED_SELECTOR = YES;
				GCC_WARN_UNINITIALIZED_AUTOS = YES_AGGRESSIVE;
				GCC_WARN_UNUSED_FUNCTION = YES;
				GCC_WARN_UNUSED_VARIABLE = YES;
				IPHONEOS_DEPLOYMENT_TARGET = 13.5;
				MTL_ENABLE_DEBUG_INFO = INCLUDE_SOURCE;
				MTL_FAST_MATH = YES;
				ONLY_ACTIVE_ARCH = YES;
				SDKROOT = iphoneos;
				SWIFT_ACTIVE_COMPILATION_CONDITIONS = DEBUG;
				SWIFT_OPTIMIZATION_LEVEL = "-Onone";
			};
			name = Debug;
		};
		060D5DDD24F65147002273DD /* Release */ = {
			isa = XCBuildConfiguration;
			buildSettings = {
				ALWAYS_SEARCH_USER_PATHS = NO;
				CLANG_ANALYZER_NONNULL = YES;
				CLANG_ANALYZER_NUMBER_OBJECT_CONVERSION = YES_AGGRESSIVE;
				CLANG_CXX_LANGUAGE_STANDARD = "gnu++14";
				CLANG_CXX_LIBRARY = "libc++";
				CLANG_ENABLE_MODULES = YES;
				CLANG_ENABLE_OBJC_ARC = YES;
				CLANG_ENABLE_OBJC_WEAK = YES;
				CLANG_WARN_BLOCK_CAPTURE_AUTORELEASING = YES;
				CLANG_WARN_BOOL_CONVERSION = YES;
				CLANG_WARN_COMMA = YES;
				CLANG_WARN_CONSTANT_CONVERSION = YES;
				CLANG_WARN_DEPRECATED_OBJC_IMPLEMENTATIONS = YES;
				CLANG_WARN_DIRECT_OBJC_ISA_USAGE = YES_ERROR;
				CLANG_WARN_DOCUMENTATION_COMMENTS = YES;
				CLANG_WARN_EMPTY_BODY = YES;
				CLANG_WARN_ENUM_CONVERSION = YES;
				CLANG_WARN_INFINITE_RECURSION = YES;
				CLANG_WARN_INT_CONVERSION = YES;
				CLANG_WARN_NON_LITERAL_NULL_CONVERSION = YES;
				CLANG_WARN_OBJC_IMPLICIT_RETAIN_SELF = YES;
				CLANG_WARN_OBJC_LITERAL_CONVERSION = YES;
				CLANG_WARN_OBJC_ROOT_CLASS = YES_ERROR;
				CLANG_WARN_RANGE_LOOP_ANALYSIS = YES;
				CLANG_WARN_STRICT_PROTOTYPES = YES;
				CLANG_WARN_SUSPICIOUS_MOVE = YES;
				CLANG_WARN_UNGUARDED_AVAILABILITY = YES_AGGRESSIVE;
				CLANG_WARN_UNREACHABLE_CODE = YES;
				CLANG_WARN__DUPLICATE_METHOD_MATCH = YES;
				COPY_PHASE_STRIP = NO;
				DEBUG_INFORMATION_FORMAT = "dwarf-with-dsym";
				ENABLE_NS_ASSERTIONS = NO;
				ENABLE_STRICT_OBJC_MSGSEND = YES;
				GCC_C_LANGUAGE_STANDARD = gnu11;
				GCC_NO_COMMON_BLOCKS = YES;
				GCC_WARN_64_TO_32_BIT_CONVERSION = YES;
				GCC_WARN_ABOUT_RETURN_TYPE = YES_ERROR;
				GCC_WARN_UNDECLARED_SELECTOR = YES;
				GCC_WARN_UNINITIALIZED_AUTOS = YES_AGGRESSIVE;
				GCC_WARN_UNUSED_FUNCTION = YES;
				GCC_WARN_UNUSED_VARIABLE = YES;
				IPHONEOS_DEPLOYMENT_TARGET = 13.5;
				MTL_ENABLE_DEBUG_INFO = NO;
				MTL_FAST_MATH = YES;
				SDKROOT = iphoneos;
				SWIFT_COMPILATION_MODE = wholemodule;
				SWIFT_OPTIMIZATION_LEVEL = "-O";
				VALIDATE_PRODUCT = YES;
			};
			name = Release;
		};
		060D5DDF24F65147002273DD /* Debug */ = {
			isa = XCBuildConfiguration;
			buildSettings = {
				ASSETCATALOG_COMPILER_APPICON_NAME = AppIcon;
				CODE_SIGN_STYLE = Automatic;
				DEVELOPMENT_TEAM = 7Z2CV7TB8R;
				INFOPLIST_FILE = prac_SettingBundle/Info.plist;
				LD_RUNPATH_SEARCH_PATHS = (
					"$(inherited)",
					"@executable_path/Frameworks",
				);
				PRODUCT_BUNDLE_IDENTIFIER = "ns.prac-SettingBundle";
				PRODUCT_NAME = "$(TARGET_NAME)";
				SWIFT_VERSION = 5.0;
				TARGETED_DEVICE_FAMILY = 1;
			};
			name = Debug;
		};
		060D5DE024F65147002273DD /* Release */ = {
			isa = XCBuildConfiguration;
			buildSettings = {
				ASSETCATALOG_COMPILER_APPICON_NAME = AppIcon;
				CODE_SIGN_STYLE = Automatic;
				DEVELOPMENT_TEAM = 7Z2CV7TB8R;
				INFOPLIST_FILE = prac_SettingBundle/Info.plist;
				LD_RUNPATH_SEARCH_PATHS = (
					"$(inherited)",
					"@executable_path/Frameworks",
				);
				PRODUCT_BUNDLE_IDENTIFIER = "ns.prac-SettingBundle";
				PRODUCT_NAME = "$(TARGET_NAME)";
				SWIFT_VERSION = 5.0;
				TARGETED_DEVICE_FAMILY = 1;
			};
			name = Release;
		};
/* End XCBuildConfiguration section */

/* Begin XCConfigurationList section */
		060D5DC524F65145002273DD /* Build configuration list for PBXProject "prac_SettingBundle" */ = {
			isa = XCConfigurationList;
			buildConfigurations = (
				060D5DDC24F65147002273DD /* Debug */,
				060D5DDD24F65147002273DD /* Release */,
			);
			defaultConfigurationIsVisible = 0;
			defaultConfigurationName = Release;
		};
		060D5DDE24F65147002273DD /* Build configuration list for PBXNativeTarget "prac_SettingBundle" */ = {
			isa = XCConfigurationList;
			buildConfigurations = (
				060D5DDF24F65147002273DD /* Debug */,
				060D5DE024F65147002273DD /* Release */,
			);
			defaultConfigurationIsVisible = 0;
			defaultConfigurationName = Release;
		};
/* End XCConfigurationList section */
	};
	rootObject = 060D5DC224F65145002273DD /* Project object */;
}
