// !$*UTF8*$!
{
	archiveVersion = 1;
	classes = {
	};
	objectVersion = 50;
	objects = {

/* Begin PBXBuildFile section */
		063E9EC82391220900BEFB92 /* AppDelegate.swift in Sources */ = {isa = PBXBuildFile; fileRef = 063E9EC72391220900BEFB92 /* AppDelegate.swift */; };
		063E9ECA2391220900BEFB92 /* SceneDelegate.swift in Sources */ = {isa = PBXBuildFile; fileRef = 063E9EC92391220900BEFB92 /* SceneDelegate.swift */; };
		063E9ECC2391220900BEFB92 /* ContentView.swift in Sources */ = {isa = PBXBuildFile; fileRef = 063E9ECB2391220900BEFB92 /* ContentView.swift */; };
		063E9ECE2391220D00BEFB92 /* Assets.xcassets in Resources */ = {isa = PBXBuildFile; fileRef = 063E9ECD2391220D00BEFB92 /* Assets.xcassets */; };
		063E9ED12391220D00BEFB92 /* Preview Assets.xcassets in Resources */ = {isa = PBXBuildFile; fileRef = 063E9ED02391220D00BEFB92 /* Preview Assets.xcassets */; };
		063E9ED42391220D00BEFB92 /* LaunchScreen.storyboard in Resources */ = {isa = PBXBuildFile; fileRef = 063E9ED22391220D00BEFB92 /* LaunchScreen.storyboard */; };
/* End PBXBuildFile section */

/* Begin PBXFileReference section */
		063E9EC42391220900BEFB92 /* prac_FirstSwiftUI.app */ = {isa = PBXFileReference; explicitFileType = wrapper.application; includeInIndex = 0; path = prac_FirstSwiftUI.app; sourceTree = BUILT_PRODUCTS_DIR; };
		063E9EC72391220900BEFB92 /* AppDelegate.swift */ = {isa = PBXFileReference; lastKnownFileType = sourcecode.swift; path = AppDelegate.swift; sourceTree = "<group>"; };
		063E9EC92391220900BEFB92 /* SceneDelegate.swift */ = {isa = PBXFileReference; lastKnownFileType = sourcecode.swift; path = SceneDelegate.swift; sourceTree = "<group>"; };
		063E9ECB2391220900BEFB92 /* ContentView.swift */ = {isa = PBXFileReference; lastKnownFileType = sourcecode.swift; path = ContentView.swift; sourceTree = "<group>"; };
		063E9ECD2391220D00BEFB92 /* Assets.xcassets */ = {isa = PBXFileReference; lastKnownFileType = folder.assetcatalog; path = Assets.xcassets; sourceTree = "<group>"; };
		063E9ED02391220D00BEFB92 /* Preview Assets.xcassets */ = {isa = PBXFileReference; lastKnownFileType = folder.assetcatalog; path = "Preview Assets.xcassets"; sourceTree = "<group>"; };
		063E9ED32391220D00BEFB92 /* Base */ = {isa = PBXFileReference; lastKnownFileType = file.storyboard; name = Base; path = Base.lproj/LaunchScreen.storyboard; sourceTree = "<group>"; };
		063E9ED52391220D00BEFB92 /* Info.plist */ = {isa = PBXFileReference; lastKnownFileType = text.plist.xml; path = Info.plist; sourceTree = "<group>"; };
/* End PBXFileReference section */

/* Begin PBXFrameworksBuildPhase section */
		063E9EC12391220900BEFB92 /* Frameworks */ = {
			isa = PBXFrameworksBuildPhase;
			buildActionMask = 2147483647;
			files = (
			);
			runOnlyForDeploymentPostprocessing = 0;
		};
/* End PBXFrameworksBuildPhase section */

/* Begin PBXGroup section */
		063E9EBB2391220900BEFB92 = {
			isa = PBXGroup;
			children = (
				063E9EC62391220900BEFB92 /* prac_FirstSwiftUI */,
				063E9EC52391220900BEFB92 /* Products */,
			);
			sourceTree = "<group>";
		};
		063E9EC52391220900BEFB92 /* Products */ = {
			isa = PBXGroup;
			children = (
				063E9EC42391220900BEFB92 /* prac_FirstSwiftUI.app */,
			);
			name = Products;
			sourceTree = "<group>";
		};
		063E9EC62391220900BEFB92 /* prac_FirstSwiftUI */ = {
			isa = PBXGroup;
			children = (
				063E9EC72391220900BEFB92 /* AppDelegate.swift */,
				063E9EC92391220900BEFB92 /* SceneDelegate.swift */,
				063E9ECB2391220900BEFB92 /* ContentView.swift */,
				063E9ECD2391220D00BEFB92 /* Assets.xcassets */,
				063E9ED22391220D00BEFB92 /* LaunchScreen.storyboard */,
				063E9ED52391220D00BEFB92 /* Info.plist */,
				063E9ECF2391220D00BEFB92 /* Preview Content */,
			);
			path = prac_FirstSwiftUI;
			sourceTree = "<group>";
		};
		063E9ECF2391220D00BEFB92 /* Preview Content */ = {
			isa = PBXGroup;
			children = (
				063E9ED02391220D00BEFB92 /* Preview Assets.xcassets */,
			);
			path = "Preview Content";
			sourceTree = "<group>";
		};
/* End PBXGroup section */

/* Begin PBXNativeTarget section */
		063E9EC32391220900BEFB92 /* prac_FirstSwiftUI */ = {
			isa = PBXNativeTarget;
			buildConfigurationList = 063E9ED82391220D00BEFB92 /* Build configuration list for PBXNativeTarget "prac_FirstSwiftUI" */;
			buildPhases = (
				063E9EC02391220900BEFB92 /* Sources */,
				063E9EC12391220900BEFB92 /* Frameworks */,
				063E9EC22391220900BEFB92 /* Resources */,
			);
			buildRules = (
			);
			dependencies = (
			);
			name = prac_FirstSwiftUI;
			productName = prac_FirstSwiftUI;
			productReference = 063E9EC42391220900BEFB92 /* prac_FirstSwiftUI.app */;
			productType = "com.apple.product-type.application";
		};
/* End PBXNativeTarget section */

/* Begin PBXProject section */
		063E9EBC2391220900BEFB92 /* Project object */ = {
			isa = PBXProject;
			attributes = {
				LastSwiftUpdateCheck = 1100;
				LastUpgradeCheck = 1100;
				ORGANIZATIONNAME = ns;
				TargetAttributes = {
					063E9EC32391220900BEFB92 = {
						CreatedOnToolsVersion = 11.0;
					};
				};
			};
			buildConfigurationList = 063E9EBF2391220900BEFB92 /* Build configuration list for PBXProject "prac_FirstSwiftUI" */;
			compatibilityVersion = "Xcode 9.3";
			developmentRegion = en;
			hasScannedForEncodings = 0;
			knownRegions = (
				en,
				Base,
			);
			mainGroup = 063E9EBB2391220900BEFB92;
			productRefGroup = 063E9EC52391220900BEFB92 /* Products */;
			projectDirPath = "";
			projectRoot = "";
			targets = (
				063E9EC32391220900BEFB92 /* prac_FirstSwiftUI */,
			);
		};
/* End PBXProject section */

/* Begin PBXResourcesBuildPhase section */
		063E9EC22391220900BEFB92 /* Resources */ = {
			isa = PBXResourcesBuildPhase;
			buildActionMask = 2147483647;
			files = (
				063E9ED42391220D00BEFB92 /* LaunchScreen.storyboard in Resources */,
				063E9ED12391220D00BEFB92 /* Preview Assets.xcassets in Resources */,
				063E9ECE2391220D00BEFB92 /* Assets.xcassets in Resources */,
			);
			runOnlyForDeploymentPostprocessing = 0;
		};
/* End PBXResourcesBuildPhase section */

/* Begin PBXSourcesBuildPhase section */
		063E9EC02391220900BEFB92 /* Sources */ = {
			isa = PBXSourcesBuildPhase;
			buildActionMask = 2147483647;
			files = (
				063E9EC82391220900BEFB92 /* AppDelegate.swift in Sources */,
				063E9ECA2391220900BEFB92 /* SceneDelegate.swift in Sources */,
				063E9ECC2391220900BEFB92 /* ContentView.swift in Sources */,
			);
			runOnlyForDeploymentPostprocessing = 0;
		};
/* End PBXSourcesBuildPhase section */

/* Begin PBXVariantGroup section */
		063E9ED22391220D00BEFB92 /* LaunchScreen.storyboard */ = {
			isa = PBXVariantGroup;
			children = (
				063E9ED32391220D00BEFB92 /* Base */,
			);
			name = LaunchScreen.storyboard;
			sourceTree = "<group>";
		};
/* End PBXVariantGroup section */

/* Begin XCBuildConfiguration section */
		063E9ED62391220D00BEFB92 /* Debug */ = {
			isa = XCBuildConfiguration;
			buildSettings = {
				ALWAYS_SEARCH_USER_PATHS = NO;
				CLANG_ANALYZER_NONNULL = YES;
				CLANG_ANALYZER_NUMBER_OBJECT_CONVERSION = YES_AGGRESSIVE;
				CLANG_CXX_LANGUAGE_STANDARD = "gnu++14";
				CLANG_CXX_LIBRARY = "libc++";
				CLANG_ENABLE_MODULES = YES;
				CLANG_ENABLE_OBJC_ARC = YES;
				CLANG_ENABLE_OBJC_WEAK = YES;
				CLANG_WARN_BLOCK_CAPTURE_AUTORELEASING = YES;
				CLANG_WARN_BOOL_CONVERSION = YES;
				CLANG_WARN_COMMA = YES;
				CLANG_WARN_CONSTANT_CONVERSION = YES;
				CLANG_WARN_DEPRECATED_OBJC_IMPLEMENTATIONS = YES;
				CLANG_WARN_DIRECT_OBJC_ISA_USAGE = YES_ERROR;
				CLANG_WARN_DOCUMENTATION_COMMENTS = YES;
				CLANG_WARN_EMPTY_BODY = YES;
				CLANG_WARN_ENUM_CONVERSION = YES;
				CLANG_WARN_INFINITE_RECURSION = YES;
				CLANG_WARN_INT_CONVERSION = YES;
				CLANG_WARN_NON_LITERAL_NULL_CONVERSION = YES;
				CLANG_WARN_OBJC_IMPLICIT_RETAIN_SELF = YES;
				CLANG_WARN_OBJC_LITERAL_CONVERSION = YES;
				CLANG_WARN_OBJC_ROOT_CLASS = YES_ERROR;
				CLANG_WARN_RANGE_LOOP_ANALYSIS = YES;
				CLANG_WARN_STRICT_PROTOTYPES = YES;
				CLANG_WARN_SUSPICIOUS_MOVE = YES;
				CLANG_WARN_UNGUARDED_AVAILABILITY = YES_AGGRESSIVE;
				CLANG_WARN_UNREACHABLE_CODE = YES;
				CLANG_WARN__DUPLICATE_METHOD_MATCH = YES;
				COPY_PHASE_STRIP = NO;
				DEBUG_INFORMATION_FORMAT = dwarf;
				ENABLE_STRICT_OBJC_MSGSEND = YES;
				ENABLE_TESTABILITY = YES;
				GCC_C_LANGUAGE_STANDARD = gnu11;
				GCC_DYNAMIC_NO_PIC = NO;
				GCC_NO_COMMON_BLOCKS = YES;
				GCC_OPTIMIZATION_LEVEL = 0;
				GCC_PREPROCESSOR_DEFINITIONS = (
					"DEBUG=1",
					"$(inherited)",
				);
				GCC_WARN_64_TO_32_BIT_CONVERSION = YES;
				GCC_WARN_ABOUT_RETURN_TYPE = YES_ERROR;
				GCC_WARN_UNDECLARED_SELECTOR = YES;
				GCC_WARN_UNINITIALIZED_AUTOS = YES_AGGRESSIVE;
				GCC_WARN_UNUSED_FUNCTION = YES;
				GCC_WARN_UNUSED_VARIABLE = YES;
				IPHONEOS_DEPLOYMENT_TARGET = 13.0;
				MTL_ENABLE_DEBUG_INFO = INCLUDE_SOURCE;
				MTL_FAST_MATH = YES;
				ONLY_ACTIVE_ARCH = YES;
				SDKROOT = iphoneos;
				SWIFT_ACTIVE_COMPILATION_CONDITIONS = DEBUG;
				SWIFT_OPTIMIZATION_LEVEL = "-Onone";
			};
			name = Debug;
		};
		063E9ED72391220D00BEFB92 /* Release */ = {
			isa = XCBuildConfiguration;
			buildSettings = {
				ALWAYS_SEARCH_USER_PATHS = NO;
				CLANG_ANALYZER_NONNULL = YES;
				CLANG_ANALYZER_NUMBER_OBJECT_CONVERSION = YES_AGGRESSIVE;
				CLANG_CXX_LANGUAGE_STANDARD = "gnu++14";
				CLANG_CXX_LIBRARY = "libc++";
				CLANG_ENABLE_MODULES = YES;
				CLANG_ENABLE_OBJC_ARC = YES;
				CLANG_ENABLE_OBJC_WEAK = YES;
				CLANG_WARN_BLOCK_CAPTURE_AUTORELEASING = YES;
				CLANG_WARN_BOOL_CONVERSION = YES;
				CLANG_WARN_COMMA = YES;
				CLANG_WARN_CONSTANT_CONVERSION = YES;
				CLANG_WARN_DEPRECATED_OBJC_IMPLEMENTATIONS = YES;
				CLANG_WARN_DIRECT_OBJC_ISA_USAGE = YES_ERROR;
				CLANG_WARN_DOCUMENTATION_COMMENTS = YES;
				CLANG_WARN_EMPTY_BODY = YES;
				CLANG_WARN_ENUM_CONVERSION = YES;
				CLANG_WARN_INFINITE_RECURSION = YES;
				CLANG_WARN_INT_CONVERSION = YES;
				CLANG_WARN_NON_LITERAL_NULL_CONVERSION = YES;
				CLANG_WARN_OBJC_IMPLICIT_RETAIN_SELF = YES;
				CLANG_WARN_OBJC_LITERAL_CONVERSION = YES;
				CLANG_WARN_OBJC_ROOT_CLASS = YES_ERROR;
				CLANG_WARN_RANGE_LOOP_ANALYSIS = YES;
				CLANG_WARN_STRICT_PROTOTYPES = YES;
				CLANG_WARN_SUSPICIOUS_MOVE = YES;
				CLANG_WARN_UNGUARDED_AVAILABILITY = YES_AGGRESSIVE;
				CLANG_WARN_UNREACHABLE_CODE = YES;
				CLANG_WARN__DUPLICATE_METHOD_MATCH = YES;
				COPY_PHASE_STRIP = NO;
				DEBUG_INFORMATION_FORMAT = "dwarf-with-dsym";
				ENABLE_NS_ASSERTIONS = NO;
				ENABLE_STRICT_OBJC_MSGSEND = YES;
				GCC_C_LANGUAGE_STANDARD = gnu11;
				GCC_NO_COMMON_BLOCKS = YES;
				GCC_WARN_64_TO_32_BIT_CONVERSION = YES;
				GCC_WARN_ABOUT_RETURN_TYPE = YES_ERROR;
				GCC_WARN_UNDECLARED_SELECTOR = YES;
				GCC_WARN_UNINITIALIZED_AUTOS = YES_AGGRESSIVE;
				GCC_WARN_UNUSED_FUNCTION = YES;
				GCC_WARN_UNUSED_VARIABLE = YES;
				IPHONEOS_DEPLOYMENT_TARGET = 13.0;
				MTL_ENABLE_DEBUG_INFO = NO;
				MTL_FAST_MATH = YES;
				SDKROOT = iphoneos;
				SWIFT_COMPILATION_MODE = wholemodule;
				SWIFT_OPTIMIZATION_LEVEL = "-O";
				VALIDATE_PRODUCT = YES;
			};
			name = Release;
		};
		063E9ED92391220D00BEFB92 /* Debug */ = {
			isa = XCBuildConfiguration;
			buildSettings = {
				ASSETCATALOG_COMPILER_APPICON_NAME = AppIcon;
				CODE_SIGN_STYLE = Automatic;
				DEVELOPMENT_ASSET_PATHS = "\"prac_FirstSwiftUI/Preview Content\"";
				DEVELOPMENT_TEAM = 7Z2CV7TB8R;
				ENABLE_PREVIEWS = YES;
				INFOPLIST_FILE = prac_FirstSwiftUI/Info.plist;
				LD_RUNPATH_SEARCH_PATHS = (
					"$(inherited)",
					"@executable_path/Frameworks",
				);
				PRODUCT_BUNDLE_IDENTIFIER = "ns.prac-FirstSwiftUI";
				PRODUCT_NAME = "$(TARGET_NAME)";
				SWIFT_VERSION = 5.0;
				TARGETED_DEVICE_FAMILY = "1,2";
			};
			name = Debug;
		};
		063E9EDA2391220D00BEFB92 /* Release */ = {
			isa = XCBuildConfiguration;
			buildSettings = {
				ASSETCATALOG_COMPILER_APPICON_NAME = AppIcon;
				CODE_SIGN_STYLE = Automatic;
				DEVELOPMENT_ASSET_PATHS = "\"prac_FirstSwiftUI/Preview Content\"";
				DEVELOPMENT_TEAM = 7Z2CV7TB8R;
				ENABLE_PREVIEWS = YES;
				INFOPLIST_FILE = prac_FirstSwiftUI/Info.plist;
				LD_RUNPATH_SEARCH_PATHS = (
					"$(inherited)",
					"@executable_path/Frameworks",
				);
				PRODUCT_BUNDLE_IDENTIFIER = "ns.prac-FirstSwiftUI";
				PRODUCT_NAME = "$(TARGET_NAME)";
				SWIFT_VERSION = 5.0;
				TARGETED_DEVICE_FAMILY = "1,2";
			};
			name = Release;
		};
/* End XCBuildConfiguration section */

/* Begin XCConfigurationList section */
		063E9EBF2391220900BEFB92 /* Build configuration list for PBXProject "prac_FirstSwiftUI" */ = {
			isa = XCConfigurationList;
			buildConfigurations = (
				063E9ED62391220D00BEFB92 /* Debug */,
				063E9ED72391220D00BEFB92 /* Release */,
			);
			defaultConfigurationIsVisible = 0;
			defaultConfigurationName = Release;
		};
		063E9ED82391220D00BEFB92 /* Build configuration list for PBXNativeTarget "prac_FirstSwiftUI" */ = {
			isa = XCConfigurationList;
			buildConfigurations = (
				063E9ED92391220D00BEFB92 /* Debug */,
				063E9EDA2391220D00BEFB92 /* Release */,
			);
			defaultConfigurationIsVisible = 0;
			defaultConfigurationName = Release;
		};
/* End XCConfigurationList section */
	};
	rootObject = 063E9EBC2391220900BEFB92 /* Project object */;
}
