// !$*UTF8*$!
{
	archiveVersion = 1;
	classes = {
	};
	objectVersion = 50;
	objects = {

/* Begin PBXBuildFile section */
		065DCBA224458CEC00B65BC5 /* AppDelegate.swift in Sources */ = {isa = PBXBuildFile; fileRef = 065DCBA124458CEC00B65BC5 /* AppDelegate.swift */; };
		065DCBA424458CEC00B65BC5 /* SceneDelegate.swift in Sources */ = {isa = PBXBuildFile; fileRef = 065DCBA324458CEC00B65BC5 /* SceneDelegate.swift */; };
		065DCBA624458CEC00B65BC5 /* ViewController.swift in Sources */ = {isa = PBXBuildFile; fileRef = 065DCBA524458CEC00B65BC5 /* ViewController.swift */; };
		065DCBA924458CEC00B65BC5 /* Main.storyboard in Resources */ = {isa = PBXBuildFile; fileRef = 065DCBA724458CEC00B65BC5 /* Main.storyboard */; };
		065DCBAB24458CF000B65BC5 /* Assets.xcassets in Resources */ = {isa = PBXBuildFile; fileRef = 065DCBAA24458CF000B65BC5 /* Assets.xcassets */; };
		065DCBAE24458CF000B65BC5 /* LaunchScreen.storyboard in Resources */ = {isa = PBXBuildFile; fileRef = 065DCBAC24458CF000B65BC5 /* LaunchScreen.storyboard */; };
/* End PBXBuildFile section */

/* Begin PBXFileReference section */
		065DCB9E24458CEC00B65BC5 /* prac_AppleLogin.app */ = {isa = PBXFileReference; explicitFileType = wrapper.application; includeInIndex = 0; path = prac_AppleLogin.app; sourceTree = BUILT_PRODUCTS_DIR; };
		065DCBA124458CEC00B65BC5 /* AppDelegate.swift */ = {isa = PBXFileReference; lastKnownFileType = sourcecode.swift; path = AppDelegate.swift; sourceTree = "<group>"; };
		065DCBA324458CEC00B65BC5 /* SceneDelegate.swift */ = {isa = PBXFileReference; lastKnownFileType = sourcecode.swift; path = SceneDelegate.swift; sourceTree = "<group>"; };
		065DCBA524458CEC00B65BC5 /* ViewController.swift */ = {isa = PBXFileReference; lastKnownFileType = sourcecode.swift; path = ViewController.swift; sourceTree = "<group>"; };
		065DCBA824458CEC00B65BC5 /* Base */ = {isa = PBXFileReference; lastKnownFileType = file.storyboard; name = Base; path = Base.lproj/Main.storyboard; sourceTree = "<group>"; };
		065DCBAA24458CF000B65BC5 /* Assets.xcassets */ = {isa = PBXFileReference; lastKnownFileType = folder.assetcatalog; path = Assets.xcassets; sourceTree = "<group>"; };
		065DCBAD24458CF000B65BC5 /* Base */ = {isa = PBXFileReference; lastKnownFileType = file.storyboard; name = Base; path = Base.lproj/LaunchScreen.storyboard; sourceTree = "<group>"; };
		065DCBAF24458CF000B65BC5 /* Info.plist */ = {isa = PBXFileReference; lastKnownFileType = text.plist.xml; path = Info.plist; sourceTree = "<group>"; };
		065DCBB5244593F600B65BC5 /* prac_AppleLogin.entitlements */ = {isa = PBXFileReference; lastKnownFileType = text.plist.entitlements; path = prac_AppleLogin.entitlements; sourceTree = "<group>"; };
/* End PBXFileReference section */

/* Begin PBXFrameworksBuildPhase section */
		065DCB9B24458CEC00B65BC5 /* Frameworks */ = {
			isa = PBXFrameworksBuildPhase;
			buildActionMask = 2147483647;
			files = (
			);
			runOnlyForDeploymentPostprocessing = 0;
		};
/* End PBXFrameworksBuildPhase section */

/* Begin PBXGroup section */
		065DCB9524458CEC00B65BC5 = {
			isa = PBXGroup;
			children = (
				065DCBA024458CEC00B65BC5 /* prac_AppleLogin */,
				065DCB9F24458CEC00B65BC5 /* Products */,
			);
			sourceTree = "<group>";
		};
		065DCB9F24458CEC00B65BC5 /* Products */ = {
			isa = PBXGroup;
			children = (
				065DCB9E24458CEC00B65BC5 /* prac_AppleLogin.app */,
			);
			name = Products;
			sourceTree = "<group>";
		};
		065DCBA024458CEC00B65BC5 /* prac_AppleLogin */ = {
			isa = PBXGroup;
			children = (
				065DCBB5244593F600B65BC5 /* prac_AppleLogin.entitlements */,
				065DCBA124458CEC00B65BC5 /* AppDelegate.swift */,
				065DCBA324458CEC00B65BC5 /* SceneDelegate.swift */,
				065DCBA524458CEC00B65BC5 /* ViewController.swift */,
				065DCBA724458CEC00B65BC5 /* Main.storyboard */,
				065DCBAA24458CF000B65BC5 /* Assets.xcassets */,
				065DCBAC24458CF000B65BC5 /* LaunchScreen.storyboard */,
				065DCBAF24458CF000B65BC5 /* Info.plist */,
			);
			path = prac_AppleLogin;
			sourceTree = "<group>";
		};
/* End PBXGroup section */

/* Begin PBXNativeTarget section */
		065DCB9D24458CEC00B65BC5 /* prac_AppleLogin */ = {
			isa = PBXNativeTarget;
			buildConfigurationList = 065DCBB224458CF000B65BC5 /* Build configuration list for PBXNativeTarget "prac_AppleLogin" */;
			buildPhases = (
				065DCB9A24458CEC00B65BC5 /* Sources */,
				065DCB9B24458CEC00B65BC5 /* Frameworks */,
				065DCB9C24458CEC00B65BC5 /* Resources */,
			);
			buildRules = (
			);
			dependencies = (
			);
			name = prac_AppleLogin;
			productName = prac_AppleLogin;
			productReference = 065DCB9E24458CEC00B65BC5 /* prac_AppleLogin.app */;
			productType = "com.apple.product-type.application";
		};
/* End PBXNativeTarget section */

/* Begin PBXProject section */
		065DCB9624458CEC00B65BC5 /* Project object */ = {
			isa = PBXProject;
			attributes = {
				LastSwiftUpdateCheck = 1130;
				LastUpgradeCheck = 1130;
				ORGANIZATIONNAME = ns;
				TargetAttributes = {
					065DCB9D24458CEC00B65BC5 = {
						CreatedOnToolsVersion = 11.3.1;
					};
				};
			};
			buildConfigurationList = 065DCB9924458CEC00B65BC5 /* Build configuration list for PBXProject "prac_AppleLogin" */;
			compatibilityVersion = "Xcode 9.3";
			developmentRegion = en;
			hasScannedForEncodings = 0;
			knownRegions = (
				en,
				Base,
			);
			mainGroup = 065DCB9524458CEC00B65BC5;
			productRefGroup = 065DCB9F24458CEC00B65BC5 /* Products */;
			projectDirPath = "";
			projectRoot = "";
			targets = (
				065DCB9D24458CEC00B65BC5 /* prac_AppleLogin */,
			);
		};
/* End PBXProject section */

/* Begin PBXResourcesBuildPhase section */
		065DCB9C24458CEC00B65BC5 /* Resources */ = {
			isa = PBXResourcesBuildPhase;
			buildActionMask = 2147483647;
			files = (
				065DCBAE24458CF000B65BC5 /* LaunchScreen.storyboard in Resources */,
				065DCBAB24458CF000B65BC5 /* Assets.xcassets in Resources */,
				065DCBA924458CEC00B65BC5 /* Main.storyboard in Resources */,
			);
			runOnlyForDeploymentPostprocessing = 0;
		};
/* End PBXResourcesBuildPhase section */

/* Begin PBXSourcesBuildPhase section */
		065DCB9A24458CEC00B65BC5 /* Sources */ = {
			isa = PBXSourcesBuildPhase;
			buildActionMask = 2147483647;
			files = (
				065DCBA624458CEC00B65BC5 /* ViewController.swift in Sources */,
				065DCBA224458CEC00B65BC5 /* AppDelegate.swift in Sources */,
				065DCBA424458CEC00B65BC5 /* SceneDelegate.swift in Sources */,
			);
			runOnlyForDeploymentPostprocessing = 0;
		};
/* End PBXSourcesBuildPhase section */

/* Begin PBXVariantGroup section */
		065DCBA724458CEC00B65BC5 /* Main.storyboard */ = {
			isa = PBXVariantGroup;
			children = (
				065DCBA824458CEC00B65BC5 /* Base */,
			);
			name = Main.storyboard;
			sourceTree = "<group>";
		};
		065DCBAC24458CF000B65BC5 /* LaunchScreen.storyboard */ = {
			isa = PBXVariantGroup;
			children = (
				065DCBAD24458CF000B65BC5 /* Base */,
			);
			name = LaunchScreen.storyboard;
			sourceTree = "<group>";
		};
/* End PBXVariantGroup section */

/* Begin XCBuildConfiguration section */
		065DCBB024458CF000B65BC5 /* Debug */ = {
			isa = XCBuildConfiguration;
			buildSettings = {
				ALWAYS_SEARCH_USER_PATHS = NO;
				CLANG_ANALYZER_NONNULL = YES;
				CLANG_ANALYZER_NUMBER_OBJECT_CONVERSION = YES_AGGRESSIVE;
				CLANG_CXX_LANGUAGE_STANDARD = "gnu++14";
				CLANG_CXX_LIBRARY = "libc++";
				CLANG_ENABLE_MODULES = YES;
				CLANG_ENABLE_OBJC_ARC = YES;
				CLANG_ENABLE_OBJC_WEAK = YES;
				CLANG_WARN_BLOCK_CAPTURE_AUTORELEASING = YES;
				CLANG_WARN_BOOL_CONVERSION = YES;
				CLANG_WARN_COMMA = YES;
				CLANG_WARN_CONSTANT_CONVERSION = YES;
				CLANG_WARN_DEPRECATED_OBJC_IMPLEMENTATIONS = YES;
				CLANG_WARN_DIRECT_OBJC_ISA_USAGE = YES_ERROR;
				CLANG_WARN_DOCUMENTATION_COMMENTS = YES;
				CLANG_WARN_EMPTY_BODY = YES;
				CLANG_WARN_ENUM_CONVERSION = YES;
				CLANG_WARN_INFINITE_RECURSION = YES;
				CLANG_WARN_INT_CONVERSION = YES;
				CLANG_WARN_NON_LITERAL_NULL_CONVERSION = YES;
				CLANG_WARN_OBJC_IMPLICIT_RETAIN_SELF = YES;
				CLANG_WARN_OBJC_LITERAL_CONVERSION = YES;
				CLANG_WARN_OBJC_ROOT_CLASS = YES_ERROR;
				CLANG_WARN_RANGE_LOOP_ANALYSIS = YES;
				CLANG_WARN_STRICT_PROTOTYPES = YES;
				CLANG_WARN_SUSPICIOUS_MOVE = YES;
				CLANG_WARN_UNGUARDED_AVAILABILITY = YES_AGGRESSIVE;
				CLANG_WARN_UNREACHABLE_CODE = YES;
				CLANG_WARN__DUPLICATE_METHOD_MATCH = YES;
				COPY_PHASE_STRIP = NO;
				DEBUG_INFORMATION_FORMAT = dwarf;
				ENABLE_STRICT_OBJC_MSGSEND = YES;
				ENABLE_TESTABILITY = YES;
				GCC_C_LANGUAGE_STANDARD = gnu11;
				GCC_DYNAMIC_NO_PIC = NO;
				GCC_NO_COMMON_BLOCKS = YES;
				GCC_OPTIMIZATION_LEVEL = 0;
				GCC_PREPROCESSOR_DEFINITIONS = (
					"DEBUG=1",
					"$(inherited)",
				);
				GCC_WARN_64_TO_32_BIT_CONVERSION = YES;
				GCC_WARN_ABOUT_RETURN_TYPE = YES_ERROR;
				GCC_WARN_UNDECLARED_SELECTOR = YES;
				GCC_WARN_UNINITIALIZED_AUTOS = YES_AGGRESSIVE;
				GCC_WARN_UNUSED_FUNCTION = YES;
				GCC_WARN_UNUSED_VARIABLE = YES;
				IPHONEOS_DEPLOYMENT_TARGET = 13.2;
				MTL_ENABLE_DEBUG_INFO = INCLUDE_SOURCE;
				MTL_FAST_MATH = YES;
				ONLY_ACTIVE_ARCH = YES;
				SDKROOT = iphoneos;
				SWIFT_ACTIVE_COMPILATION_CONDITIONS = DEBUG;
				SWIFT_OPTIMIZATION_LEVEL = "-Onone";
			};
			name = Debug;
		};
		065DCBB124458CF000B65BC5 /* Release */ = {
			isa = XCBuildConfiguration;
			buildSettings = {
				ALWAYS_SEARCH_USER_PATHS = NO;
				CLANG_ANALYZER_NONNULL = YES;
				CLANG_ANALYZER_NUMBER_OBJECT_CONVERSION = YES_AGGRESSIVE;
				CLANG_CXX_LANGUAGE_STANDARD = "gnu++14";
				CLANG_CXX_LIBRARY = "libc++";
				CLANG_ENABLE_MODULES = YES;
				CLANG_ENABLE_OBJC_ARC = YES;
				CLANG_ENABLE_OBJC_WEAK = YES;
				CLANG_WARN_BLOCK_CAPTURE_AUTORELEASING = YES;
				CLANG_WARN_BOOL_CONVERSION = YES;
				CLANG_WARN_COMMA = YES;
				CLANG_WARN_CONSTANT_CONVERSION = YES;
				CLANG_WARN_DEPRECATED_OBJC_IMPLEMENTATIONS = YES;
				CLANG_WARN_DIRECT_OBJC_ISA_USAGE = YES_ERROR;
				CLANG_WARN_DOCUMENTATION_COMMENTS = YES;
				CLANG_WARN_EMPTY_BODY = YES;
				CLANG_WARN_ENUM_CONVERSION = YES;
				CLANG_WARN_INFINITE_RECURSION = YES;
				CLANG_WARN_INT_CONVERSION = YES;
				CLANG_WARN_NON_LITERAL_NULL_CONVERSION = YES;
				CLANG_WARN_OBJC_IMPLICIT_RETAIN_SELF = YES;
				CLANG_WARN_OBJC_LITERAL_CONVERSION = YES;
				CLANG_WARN_OBJC_ROOT_CLASS = YES_ERROR;
				CLANG_WARN_RANGE_LOOP_ANALYSIS = YES;
				CLANG_WARN_STRICT_PROTOTYPES = YES;
				CLANG_WARN_SUSPICIOUS_MOVE = YES;
				CLANG_WARN_UNGUARDED_AVAILABILITY = YES_AGGRESSIVE;
				CLANG_WARN_UNREACHABLE_CODE = YES;
				CLANG_WARN__DUPLICATE_METHOD_MATCH = YES;
				COPY_PHASE_STRIP = NO;
				DEBUG_INFORMATION_FORMAT = "dwarf-with-dsym";
				ENABLE_NS_ASSERTIONS = NO;
				ENABLE_STRICT_OBJC_MSGSEND = YES;
				GCC_C_LANGUAGE_STANDARD = gnu11;
				GCC_NO_COMMON_BLOCKS = YES;
				GCC_WARN_64_TO_32_BIT_CONVERSION = YES;
				GCC_WARN_ABOUT_RETURN_TYPE = YES_ERROR;
				GCC_WARN_UNDECLARED_SELECTOR = YES;
				GCC_WARN_UNINITIALIZED_AUTOS = YES_AGGRESSIVE;
				GCC_WARN_UNUSED_FUNCTION = YES;
				GCC_WARN_UNUSED_VARIABLE = YES;
				IPHONEOS_DEPLOYMENT_TARGET = 13.2;
				MTL_ENABLE_DEBUG_INFO = NO;
				MTL_FAST_MATH = YES;
				SDKROOT = iphoneos;
				SWIFT_COMPILATION_MODE = wholemodule;
				SWIFT_OPTIMIZATION_LEVEL = "-O";
				VALIDATE_PRODUCT = YES;
			};
			name = Release;
		};
		065DCBB324458CF000B65BC5 /* Debug */ = {
			isa = XCBuildConfiguration;
			buildSettings = {
				ASSETCATALOG_COMPILER_APPICON_NAME = AppIcon;
				CODE_SIGN_ENTITLEMENTS = prac_AppleLogin/prac_AppleLogin.entitlements;
				CODE_SIGN_STYLE = Automatic;
				DEVELOPMENT_TEAM = 7Z2CV7TB8R;
				INFOPLIST_FILE = prac_AppleLogin/Info.plist;
				LD_RUNPATH_SEARCH_PATHS = (
					"$(inherited)",
					"@executable_path/Frameworks",
				);
				PRODUCT_BUNDLE_IDENTIFIER = "ns.prac-AppleLogin";
				PRODUCT_NAME = "$(TARGET_NAME)";
				SWIFT_VERSION = 5.0;
				TARGETED_DEVICE_FAMILY = "1,2";
			};
			name = Debug;
		};
		065DCBB424458CF000B65BC5 /* Release */ = {
			isa = XCBuildConfiguration;
			buildSettings = {
				ASSETCATALOG_COMPILER_APPICON_NAME = AppIcon;
				CODE_SIGN_ENTITLEMENTS = prac_AppleLogin/prac_AppleLogin.entitlements;
				CODE_SIGN_STYLE = Automatic;
				DEVELOPMENT_TEAM = 7Z2CV7TB8R;
				INFOPLIST_FILE = prac_AppleLogin/Info.plist;
				LD_RUNPATH_SEARCH_PATHS = (
					"$(inherited)",
					"@executable_path/Frameworks",
				);
				PRODUCT_BUNDLE_IDENTIFIER = "ns.prac-AppleLogin";
				PRODUCT_NAME = "$(TARGET_NAME)";
				SWIFT_VERSION = 5.0;
				TARGETED_DEVICE_FAMILY = "1,2";
			};
			name = Release;
		};
/* End XCBuildConfiguration section */

/* Begin XCConfigurationList section */
		065DCB9924458CEC00B65BC5 /* Build configuration list for PBXProject "prac_AppleLogin" */ = {
			isa = XCConfigurationList;
			buildConfigurations = (
				065DCBB024458CF000B65BC5 /* Debug */,
				065DCBB124458CF000B65BC5 /* Release */,
			);
			defaultConfigurationIsVisible = 0;
			defaultConfigurationName = Release;
		};
		065DCBB224458CF000B65BC5 /* Build configuration list for PBXNativeTarget "prac_AppleLogin" */ = {
			isa = XCConfigurationList;
			buildConfigurations = (
				065DCBB324458CF000B65BC5 /* Debug */,
				065DCBB424458CF000B65BC5 /* Release */,
			);
			defaultConfigurationIsVisible = 0;
			defaultConfigurationName = Release;
		};
/* End XCConfigurationList section */
	};
	rootObject = 065DCB9624458CEC00B65BC5 /* Project object */;
}
