// !$*UTF8*$!
{
	archiveVersion = 1;
	classes = {
	};
	objectVersion = 50;
	objects = {

/* Begin PBXBuildFile section */
		06C2F2B226280BF80090DD70 /* AppDelegate.swift in Sources */ = {isa = PBXBuildFile; fileRef = 06C2F2B126280BF80090DD70 /* AppDelegate.swift */; };
		06C2F2B426280BF80090DD70 /* SceneDelegate.swift in Sources */ = {isa = PBXBuildFile; fileRef = 06C2F2B326280BF80090DD70 /* SceneDelegate.swift */; };
		06C2F2B626280BF80090DD70 /* ViewController.swift in Sources */ = {isa = PBXBuildFile; fileRef = 06C2F2B526280BF80090DD70 /* ViewController.swift */; };
		06C2F2B926280BF80090DD70 /* Main.storyboard in Resources */ = {isa = PBXBuildFile; fileRef = 06C2F2B726280BF80090DD70 /* Main.storyboard */; };
		06C2F2BB26280BFA0090DD70 /* Assets.xcassets in Resources */ = {isa = PBXBuildFile; fileRef = 06C2F2BA26280BFA0090DD70 /* Assets.xcassets */; };
		06C2F2BE26280BFA0090DD70 /* LaunchScreen.storyboard in Resources */ = {isa = PBXBuildFile; fileRef = 06C2F2BC26280BFA0090DD70 /* LaunchScreen.storyboard */; };
		06C2F31E2637E6E70090DD70 /* UICollectionReusableView.swift in Sources */ = {isa = PBXBuildFile; fileRef = 06C2F31D2637E6E70090DD70 /* UICollectionReusableView.swift */; };
		06F5157B263D5F07008FB5BD /* DiffableDataSource.swift in Sources */ = {isa = PBXBuildFile; fileRef = 06F5157A263D5F07008FB5BD /* DiffableDataSource.swift */; };
/* End PBXBuildFile section */

/* Begin PBXFileReference section */
		06C2F2AE26280BF80090DD70 /* prac_ios13.app */ = {isa = PBXFileReference; explicitFileType = wrapper.application; includeInIndex = 0; path = prac_ios13.app; sourceTree = BUILT_PRODUCTS_DIR; };
		06C2F2B126280BF80090DD70 /* AppDelegate.swift */ = {isa = PBXFileReference; lastKnownFileType = sourcecode.swift; path = AppDelegate.swift; sourceTree = "<group>"; };
		06C2F2B326280BF80090DD70 /* SceneDelegate.swift */ = {isa = PBXFileReference; lastKnownFileType = sourcecode.swift; path = SceneDelegate.swift; sourceTree = "<group>"; };
		06C2F2B526280BF80090DD70 /* ViewController.swift */ = {isa = PBXFileReference; lastKnownFileType = sourcecode.swift; path = ViewController.swift; sourceTree = "<group>"; };
		06C2F2B826280BF80090DD70 /* Base */ = {isa = PBXFileReference; lastKnownFileType = file.storyboard; name = Base; path = Base.lproj/Main.storyboard; sourceTree = "<group>"; };
		06C2F2BA26280BFA0090DD70 /* Assets.xcassets */ = {isa = PBXFileReference; lastKnownFileType = folder.assetcatalog; path = Assets.xcassets; sourceTree = "<group>"; };
		06C2F2BD26280BFA0090DD70 /* Base */ = {isa = PBXFileReference; lastKnownFileType = file.storyboard; name = Base; path = Base.lproj/LaunchScreen.storyboard; sourceTree = "<group>"; };
		06C2F2BF26280BFA0090DD70 /* Info.plist */ = {isa = PBXFileReference; lastKnownFileType = text.plist.xml; path = Info.plist; sourceTree = "<group>"; };
		06C2F31D2637E6E70090DD70 /* UICollectionReusableView.swift */ = {isa = PBXFileReference; lastKnownFileType = sourcecode.swift; path = UICollectionReusableView.swift; sourceTree = "<group>"; };
		06F5157A263D5F07008FB5BD /* DiffableDataSource.swift */ = {isa = PBXFileReference; lastKnownFileType = sourcecode.swift; path = DiffableDataSource.swift; sourceTree = "<group>"; };
/* End PBXFileReference section */

/* Begin PBXFrameworksBuildPhase section */
		06C2F2AB26280BF80090DD70 /* Frameworks */ = {
			isa = PBXFrameworksBuildPhase;
			buildActionMask = 2147483647;
			files = (
			);
			runOnlyForDeploymentPostprocessing = 0;
		};
/* End PBXFrameworksBuildPhase section */

/* Begin PBXGroup section */
		06C2F2A526280BF80090DD70 = {
			isa = PBXGroup;
			children = (
				06C2F2B026280BF80090DD70 /* prac_ios13 */,
				06C2F2AF26280BF80090DD70 /* Products */,
			);
			sourceTree = "<group>";
		};
		06C2F2AF26280BF80090DD70 /* Products */ = {
			isa = PBXGroup;
			children = (
				06C2F2AE26280BF80090DD70 /* prac_ios13.app */,
			);
			name = Products;
			sourceTree = "<group>";
		};
		06C2F2B026280BF80090DD70 /* prac_ios13 */ = {
			isa = PBXGroup;
			children = (
				06C2F2B126280BF80090DD70 /* AppDelegate.swift */,
				06C2F2B326280BF80090DD70 /* SceneDelegate.swift */,
				06C2F2B526280BF80090DD70 /* ViewController.swift */,
				06F5157A263D5F07008FB5BD /* DiffableDataSource.swift */,
				06C2F31D2637E6E70090DD70 /* UICollectionReusableView.swift */,
				06C2F2B726280BF80090DD70 /* Main.storyboard */,
				06C2F2BA26280BFA0090DD70 /* Assets.xcassets */,
				06C2F2BC26280BFA0090DD70 /* LaunchScreen.storyboard */,
				06C2F2BF26280BFA0090DD70 /* Info.plist */,
			);
			path = prac_ios13;
			sourceTree = "<group>";
		};
/* End PBXGroup section */

/* Begin PBXNativeTarget section */
		06C2F2AD26280BF80090DD70 /* prac_ios13 */ = {
			isa = PBXNativeTarget;
			buildConfigurationList = 06C2F2C226280BFA0090DD70 /* Build configuration list for PBXNativeTarget "prac_ios13" */;
			buildPhases = (
				06C2F2AA26280BF80090DD70 /* Sources */,
				06C2F2AB26280BF80090DD70 /* Frameworks */,
				06C2F2AC26280BF80090DD70 /* Resources */,
			);
			buildRules = (
			);
			dependencies = (
			);
			name = prac_ios13;
			productName = prac_ios13;
			productReference = 06C2F2AE26280BF80090DD70 /* prac_ios13.app */;
			productType = "com.apple.product-type.application";
		};
/* End PBXNativeTarget section */

/* Begin PBXProject section */
		06C2F2A626280BF80090DD70 /* Project object */ = {
			isa = PBXProject;
			attributes = {
				LastSwiftUpdateCheck = 1240;
				LastUpgradeCheck = 1240;
				TargetAttributes = {
					06C2F2AD26280BF80090DD70 = {
						CreatedOnToolsVersion = 12.4;
					};
				};
			};
			buildConfigurationList = 06C2F2A926280BF80090DD70 /* Build configuration list for PBXProject "prac_ios13" */;
			compatibilityVersion = "Xcode 9.3";
			developmentRegion = en;
			hasScannedForEncodings = 0;
			knownRegions = (
				en,
				Base,
			);
			mainGroup = 06C2F2A526280BF80090DD70;
			productRefGroup = 06C2F2AF26280BF80090DD70 /* Products */;
			projectDirPath = "";
			projectRoot = "";
			targets = (
				06C2F2AD26280BF80090DD70 /* prac_ios13 */,
			);
		};
/* End PBXProject section */

/* Begin PBXResourcesBuildPhase section */
		06C2F2AC26280BF80090DD70 /* Resources */ = {
			isa = PBXResourcesBuildPhase;
			buildActionMask = 2147483647;
			files = (
				06C2F2BE26280BFA0090DD70 /* LaunchScreen.storyboard in Resources */,
				06C2F2BB26280BFA0090DD70 /* Assets.xcassets in Resources */,
				06C2F2B926280BF80090DD70 /* Main.storyboard in Resources */,
			);
			runOnlyForDeploymentPostprocessing = 0;
		};
/* End PBXResourcesBuildPhase section */

/* Begin PBXSourcesBuildPhase section */
		06C2F2AA26280BF80090DD70 /* Sources */ = {
			isa = PBXSourcesBuildPhase;
			buildActionMask = 2147483647;
			files = (
				06C2F31E2637E6E70090DD70 /* UICollectionReusableView.swift in Sources */,
				06F5157B263D5F07008FB5BD /* DiffableDataSource.swift in Sources */,
				06C2F2B626280BF80090DD70 /* ViewController.swift in Sources */,
				06C2F2B226280BF80090DD70 /* AppDelegate.swift in Sources */,
				06C2F2B426280BF80090DD70 /* SceneDelegate.swift in Sources */,
			);
			runOnlyForDeploymentPostprocessing = 0;
		};
/* End PBXSourcesBuildPhase section */

/* Begin PBXVariantGroup section */
		06C2F2B726280BF80090DD70 /* Main.storyboard */ = {
			isa = PBXVariantGroup;
			children = (
				06C2F2B826280BF80090DD70 /* Base */,
			);
			name = Main.storyboard;
			sourceTree = "<group>";
		};
		06C2F2BC26280BFA0090DD70 /* LaunchScreen.storyboard */ = {
			isa = PBXVariantGroup;
			children = (
				06C2F2BD26280BFA0090DD70 /* Base */,
			);
			name = LaunchScreen.storyboard;
			sourceTree = "<group>";
		};
/* End PBXVariantGroup section */

/* Begin XCBuildConfiguration section */
		06C2F2C026280BFA0090DD70 /* Debug */ = {
			isa = XCBuildConfiguration;
			buildSettings = {
				ALWAYS_SEARCH_USER_PATHS = NO;
				CLANG_ANALYZER_NONNULL = YES;
				CLANG_ANALYZER_NUMBER_OBJECT_CONVERSION = YES_AGGRESSIVE;
				CLANG_CXX_LANGUAGE_STANDARD = "gnu++14";
				CLANG_CXX_LIBRARY = "libc++";
				CLANG_ENABLE_MODULES = YES;
				CLANG_ENABLE_OBJC_ARC = YES;
				CLANG_ENABLE_OBJC_WEAK = YES;
				CLANG_WARN_BLOCK_CAPTURE_AUTORELEASING = YES;
				CLANG_WARN_BOOL_CONVERSION = YES;
				CLANG_WARN_COMMA = YES;
				CLANG_WARN_CONSTANT_CONVERSION = YES;
				CLANG_WARN_DEPRECATED_OBJC_IMPLEMENTATIONS = YES;
				CLANG_WARN_DIRECT_OBJC_ISA_USAGE = YES_ERROR;
				CLANG_WARN_DOCUMENTATION_COMMENTS = YES;
				CLANG_WARN_EMPTY_BODY = YES;
				CLANG_WARN_ENUM_CONVERSION = YES;
				CLANG_WARN_INFINITE_RECURSION = YES;
				CLANG_WARN_INT_CONVERSION = YES;
				CLANG_WARN_NON_LITERAL_NULL_CONVERSION = YES;
				CLANG_WARN_OBJC_IMPLICIT_RETAIN_SELF = YES;
				CLANG_WARN_OBJC_LITERAL_CONVERSION = YES;
				CLANG_WARN_OBJC_ROOT_CLASS = YES_ERROR;
				CLANG_WARN_QUOTED_INCLUDE_IN_FRAMEWORK_HEADER = YES;
				CLANG_WARN_RANGE_LOOP_ANALYSIS = YES;
				CLANG_WARN_STRICT_PROTOTYPES = YES;
				CLANG_WARN_SUSPICIOUS_MOVE = YES;
				CLANG_WARN_UNGUARDED_AVAILABILITY = YES_AGGRESSIVE;
				CLANG_WARN_UNREACHABLE_CODE = YES;
				CLANG_WARN__DUPLICATE_METHOD_MATCH = YES;
				COPY_PHASE_STRIP = NO;
				DEBUG_INFORMATION_FORMAT = dwarf;
				ENABLE_STRICT_OBJC_MSGSEND = YES;
				ENABLE_TESTABILITY = YES;
				GCC_C_LANGUAGE_STANDARD = gnu11;
				GCC_DYNAMIC_NO_PIC = NO;
				GCC_NO_COMMON_BLOCKS = YES;
				GCC_OPTIMIZATION_LEVEL = 0;
				GCC_PREPROCESSOR_DEFINITIONS = (
					"DEBUG=1",
					"$(inherited)",
				);
				GCC_WARN_64_TO_32_BIT_CONVERSION = YES;
				GCC_WARN_ABOUT_RETURN_TYPE = YES_ERROR;
				GCC_WARN_UNDECLARED_SELECTOR = YES;
				GCC_WARN_UNINITIALIZED_AUTOS = YES_AGGRESSIVE;
				GCC_WARN_UNUSED_FUNCTION = YES;
				GCC_WARN_UNUSED_VARIABLE = YES;
				IPHONEOS_DEPLOYMENT_TARGET = 13.0;
				MTL_ENABLE_DEBUG_INFO = INCLUDE_SOURCE;
				MTL_FAST_MATH = YES;
				ONLY_ACTIVE_ARCH = YES;
				SDKROOT = iphoneos;
				SWIFT_ACTIVE_COMPILATION_CONDITIONS = DEBUG;
				SWIFT_OPTIMIZATION_LEVEL = "-Onone";
			};
			name = Debug;
		};
		06C2F2C126280BFA0090DD70 /* Release */ = {
			isa = XCBuildConfiguration;
			buildSettings = {
				ALWAYS_SEARCH_USER_PATHS = NO;
				CLANG_ANALYZER_NONNULL = YES;
				CLANG_ANALYZER_NUMBER_OBJECT_CONVERSION = YES_AGGRESSIVE;
				CLANG_CXX_LANGUAGE_STANDARD = "gnu++14";
				CLANG_CXX_LIBRARY = "libc++";
				CLANG_ENABLE_MODULES = YES;
				CLANG_ENABLE_OBJC_ARC = YES;
				CLANG_ENABLE_OBJC_WEAK = YES;
				CLANG_WARN_BLOCK_CAPTURE_AUTORELEASING = YES;
				CLANG_WARN_BOOL_CONVERSION = YES;
				CLANG_WARN_COMMA = YES;
				CLANG_WARN_CONSTANT_CONVERSION = YES;
				CLANG_WARN_DEPRECATED_OBJC_IMPLEMENTATIONS = YES;
				CLANG_WARN_DIRECT_OBJC_ISA_USAGE = YES_ERROR;
				CLANG_WARN_DOCUMENTATION_COMMENTS = YES;
				CLANG_WARN_EMPTY_BODY = YES;
				CLANG_WARN_ENUM_CONVERSION = YES;
				CLANG_WARN_INFINITE_RECURSION = YES;
				CLANG_WARN_INT_CONVERSION = YES;
				CLANG_WARN_NON_LITERAL_NULL_CONVERSION = YES;
				CLANG_WARN_OBJC_IMPLICIT_RETAIN_SELF = YES;
				CLANG_WARN_OBJC_LITERAL_CONVERSION = YES;
				CLANG_WARN_OBJC_ROOT_CLASS = YES_ERROR;
				CLANG_WARN_QUOTED_INCLUDE_IN_FRAMEWORK_HEADER = YES;
				CLANG_WARN_RANGE_LOOP_ANALYSIS = YES;
				CLANG_WARN_STRICT_PROTOTYPES = YES;
				CLANG_WARN_SUSPICIOUS_MOVE = YES;
				CLANG_WARN_UNGUARDED_AVAILABILITY = YES_AGGRESSIVE;
				CLANG_WARN_UNREACHABLE_CODE = YES;
				CLANG_WARN__DUPLICATE_METHOD_MATCH = YES;
				COPY_PHASE_STRIP = NO;
				DEBUG_INFORMATION_FORMAT = "dwarf-with-dsym";
				ENABLE_NS_ASSERTIONS = NO;
				ENABLE_STRICT_OBJC_MSGSEND = YES;
				GCC_C_LANGUAGE_STANDARD = gnu11;
				GCC_NO_COMMON_BLOCKS = YES;
				GCC_WARN_64_TO_32_BIT_CONVERSION = YES;
				GCC_WARN_ABOUT_RETURN_TYPE = YES_ERROR;
				GCC_WARN_UNDECLARED_SELECTOR = YES;
				GCC_WARN_UNINITIALIZED_AUTOS = YES_AGGRESSIVE;
				GCC_WARN_UNUSED_FUNCTION = YES;
				GCC_WARN_UNUSED_VARIABLE = YES;
				IPHONEOS_DEPLOYMENT_TARGET = 13.0;
				MTL_ENABLE_DEBUG_INFO = NO;
				MTL_FAST_MATH = YES;
				SDKROOT = iphoneos;
				SWIFT_COMPILATION_MODE = wholemodule;
				SWIFT_OPTIMIZATION_LEVEL = "-O";
				VALIDATE_PRODUCT = YES;
			};
			name = Release;
		};
		06C2F2C326280BFA0090DD70 /* Debug */ = {
			isa = XCBuildConfiguration;
			buildSettings = {
				ASSETCATALOG_COMPILER_APPICON_NAME = AppIcon;
				ASSETCATALOG_COMPILER_GLOBAL_ACCENT_COLOR_NAME = AccentColor;
				CODE_SIGN_STYLE = Automatic;
				DEVELOPMENT_TEAM = 7Z2CV7TB8R;
				INFOPLIST_FILE = prac_ios13/Info.plist;
				LD_RUNPATH_SEARCH_PATHS = (
					"$(inherited)",
					"@executable_path/Frameworks",
				);
				PRODUCT_BUNDLE_IDENTIFIER = "ns.prac-ios13";
				PRODUCT_NAME = "$(TARGET_NAME)";
				SWIFT_VERSION = 5.0;
				TARGETED_DEVICE_FAMILY = "1,2";
			};
			name = Debug;
		};
		06C2F2C426280BFA0090DD70 /* Release */ = {
			isa = XCBuildConfiguration;
			buildSettings = {
				ASSETCATALOG_COMPILER_APPICON_NAME = AppIcon;
				ASSETCATALOG_COMPILER_GLOBAL_ACCENT_COLOR_NAME = AccentColor;
				CODE_SIGN_STYLE = Automatic;
				DEVELOPMENT_TEAM = 7Z2CV7TB8R;
				INFOPLIST_FILE = prac_ios13/Info.plist;
				LD_RUNPATH_SEARCH_PATHS = (
					"$(inherited)",
					"@executable_path/Frameworks",
				);
				PRODUCT_BUNDLE_IDENTIFIER = "ns.prac-ios13";
				PRODUCT_NAME = "$(TARGET_NAME)";
				SWIFT_VERSION = 5.0;
				TARGETED_DEVICE_FAMILY = "1,2";
			};
			name = Release;
		};
/* End XCBuildConfiguration section */

/* Begin XCConfigurationList section */
		06C2F2A926280BF80090DD70 /* Build configuration list for PBXProject "prac_ios13" */ = {
			isa = XCConfigurationList;
			buildConfigurations = (
				06C2F2C026280BFA0090DD70 /* Debug */,
				06C2F2C126280BFA0090DD70 /* Release */,
			);
			defaultConfigurationIsVisible = 0;
			defaultConfigurationName = Release;
		};
		06C2F2C226280BFA0090DD70 /* Build configuration list for PBXNativeTarget "prac_ios13" */ = {
			isa = XCConfigurationList;
			buildConfigurations = (
				06C2F2C326280BFA0090DD70 /* Debug */,
				06C2F2C426280BFA0090DD70 /* Release */,
			);
			defaultConfigurationIsVisible = 0;
			defaultConfigurationName = Release;
		};
/* End XCConfigurationList section */
	};
	rootObject = 06C2F2A626280BF80090DD70 /* Project object */;
}
