// !$*UTF8*$!
{
	archiveVersion = 1;
	classes = {
	};
	objectVersion = 50;
	objects = {

/* Begin PBXBuildFile section */
		062A934B2512F0F500259794 /* AppDelegate.swift in Sources */ = {isa = PBXBuildFile; fileRef = 062A934A2512F0F500259794 /* AppDelegate.swift */; };
		062A934D2512F0F500259794 /* SceneDelegate.swift in Sources */ = {isa = PBXBuildFile; fileRef = 062A934C2512F0F500259794 /* SceneDelegate.swift */; };
		062A934F2512F0F500259794 /* ViewController.swift in Sources */ = {isa = PBXBuildFile; fileRef = 062A934E2512F0F500259794 /* ViewController.swift */; };
		062A93522512F0F500259794 /* Main.storyboard in Resources */ = {isa = PBXBuildFile; fileRef = 062A93502512F0F500259794 /* Main.storyboard */; };
		062A93542512F0F600259794 /* Assets.xcassets in Resources */ = {isa = PBXBuildFile; fileRef = 062A93532512F0F600259794 /* Assets.xcassets */; };
		062A93572512F0F600259794 /* LaunchScreen.storyboard in Resources */ = {isa = PBXBuildFile; fileRef = 062A93552512F0F600259794 /* LaunchScreen.storyboard */; };
		8124908FD59E41FEE61423DD /* Pods_prac_Realm.framework in Frameworks */ = {isa = PBXBuildFile; fileRef = D5088C2CB0DBA2293FBDA3CC /* Pods_prac_Realm.framework */; };
/* End PBXBuildFile section */

/* Begin PBXFileReference section */
		062A93472512F0F500259794 /* prac_Realm.app */ = {isa = PBXFileReference; explicitFileType = wrapper.application; includeInIndex = 0; path = prac_Realm.app; sourceTree = BUILT_PRODUCTS_DIR; };
		062A934A2512F0F500259794 /* AppDelegate.swift */ = {isa = PBXFileReference; lastKnownFileType = sourcecode.swift; path = AppDelegate.swift; sourceTree = "<group>"; };
		062A934C2512F0F500259794 /* SceneDelegate.swift */ = {isa = PBXFileReference; lastKnownFileType = sourcecode.swift; path = SceneDelegate.swift; sourceTree = "<group>"; };
		062A934E2512F0F500259794 /* ViewController.swift */ = {isa = PBXFileReference; lastKnownFileType = sourcecode.swift; path = ViewController.swift; sourceTree = "<group>"; };
		062A93512512F0F500259794 /* Base */ = {isa = PBXFileReference; lastKnownFileType = file.storyboard; name = Base; path = Base.lproj/Main.storyboard; sourceTree = "<group>"; };
		062A93532512F0F600259794 /* Assets.xcassets */ = {isa = PBXFileReference; lastKnownFileType = folder.assetcatalog; path = Assets.xcassets; sourceTree = "<group>"; };
		062A93562512F0F600259794 /* Base */ = {isa = PBXFileReference; lastKnownFileType = file.storyboard; name = Base; path = Base.lproj/LaunchScreen.storyboard; sourceTree = "<group>"; };
		062A93582512F0F600259794 /* Info.plist */ = {isa = PBXFileReference; lastKnownFileType = text.plist.xml; path = Info.plist; sourceTree = "<group>"; };
		79A61E208C35E3CF2E04D881 /* Pods-prac_Realm.debug.xcconfig */ = {isa = PBXFileReference; includeInIndex = 1; lastKnownFileType = text.xcconfig; name = "Pods-prac_Realm.debug.xcconfig"; path = "Target Support Files/Pods-prac_Realm/Pods-prac_Realm.debug.xcconfig"; sourceTree = "<group>"; };
		C60095134EEB359458C5959A /* Pods-prac_Realm.release.xcconfig */ = {isa = PBXFileReference; includeInIndex = 1; lastKnownFileType = text.xcconfig; name = "Pods-prac_Realm.release.xcconfig"; path = "Target Support Files/Pods-prac_Realm/Pods-prac_Realm.release.xcconfig"; sourceTree = "<group>"; };
		D5088C2CB0DBA2293FBDA3CC /* Pods_prac_Realm.framework */ = {isa = PBXFileReference; explicitFileType = wrapper.framework; includeInIndex = 0; path = Pods_prac_Realm.framework; sourceTree = BUILT_PRODUCTS_DIR; };
/* End PBXFileReference section */

/* Begin PBXFrameworksBuildPhase section */
		062A93442512F0F500259794 /* Frameworks */ = {
			isa = PBXFrameworksBuildPhase;
			buildActionMask = 2147483647;
			files = (
				8124908FD59E41FEE61423DD /* Pods_prac_Realm.framework in Frameworks */,
			);
			runOnlyForDeploymentPostprocessing = 0;
		};
/* End PBXFrameworksBuildPhase section */

/* Begin PBXGroup section */
		062A933E2512F0F500259794 = {
			isa = PBXGroup;
			children = (
				062A93492512F0F500259794 /* prac_Realm */,
				062A93482512F0F500259794 /* Products */,
				0BADDBBB9C1F3FA80385A59B /* Pods */,
				235B9DDCF97A7F424D649F35 /* Frameworks */,
			);
			sourceTree = "<group>";
		};
		062A93482512F0F500259794 /* Products */ = {
			isa = PBXGroup;
			children = (
				062A93472512F0F500259794 /* prac_Realm.app */,
			);
			name = Products;
			sourceTree = "<group>";
		};
		062A93492512F0F500259794 /* prac_Realm */ = {
			isa = PBXGroup;
			children = (
				062A934A2512F0F500259794 /* AppDelegate.swift */,
				062A934C2512F0F500259794 /* SceneDelegate.swift */,
				062A934E2512F0F500259794 /* ViewController.swift */,
				062A93502512F0F500259794 /* Main.storyboard */,
				062A93532512F0F600259794 /* Assets.xcassets */,
				062A93552512F0F600259794 /* LaunchScreen.storyboard */,
				062A93582512F0F600259794 /* Info.plist */,
			);
			path = prac_Realm;
			sourceTree = "<group>";
		};
		0BADDBBB9C1F3FA80385A59B /* Pods */ = {
			isa = PBXGroup;
			children = (
				79A61E208C35E3CF2E04D881 /* Pods-prac_Realm.debug.xcconfig */,
				C60095134EEB359458C5959A /* Pods-prac_Realm.release.xcconfig */,
			);
			name = Pods;
			path = Pods;
			sourceTree = "<group>";
		};
		235B9DDCF97A7F424D649F35 /* Frameworks */ = {
			isa = PBXGroup;
			children = (
				D5088C2CB0DBA2293FBDA3CC /* Pods_prac_Realm.framework */,
			);
			name = Frameworks;
			sourceTree = "<group>";
		};
/* End PBXGroup section */

/* Begin PBXNativeTarget section */
		062A93462512F0F500259794 /* prac_Realm */ = {
			isa = PBXNativeTarget;
			buildConfigurationList = 062A935B2512F0F600259794 /* Build configuration list for PBXNativeTarget "prac_Realm" */;
			buildPhases = (
				EC1B4FE0FBBFFA4869F9E157 /* [CP] Check Pods Manifest.lock */,
				062A93432512F0F500259794 /* Sources */,
				062A93442512F0F500259794 /* Frameworks */,
				062A93452512F0F500259794 /* Resources */,
				70493E2F14AE1C80745CDA9F /* [CP] Embed Pods Frameworks */,
			);
			buildRules = (
			);
			dependencies = (
			);
			name = prac_Realm;
			productName = prac_Realm;
			productReference = 062A93472512F0F500259794 /* prac_Realm.app */;
			productType = "com.apple.product-type.application";
		};
/* End PBXNativeTarget section */

/* Begin PBXProject section */
		062A933F2512F0F500259794 /* Project object */ = {
			isa = PBXProject;
			attributes = {
				LastSwiftUpdateCheck = 1170;
				LastUpgradeCheck = 1170;
				ORGANIZATIONNAME = "남수김";
				TargetAttributes = {
					062A93462512F0F500259794 = {
						CreatedOnToolsVersion = 11.7;
					};
				};
			};
			buildConfigurationList = 062A93422512F0F500259794 /* Build configuration list for PBXProject "prac_Realm" */;
			compatibilityVersion = "Xcode 9.3";
			developmentRegion = en;
			hasScannedForEncodings = 0;
			knownRegions = (
				en,
				Base,
			);
			mainGroup = 062A933E2512F0F500259794;
			productRefGroup = 062A93482512F0F500259794 /* Products */;
			projectDirPath = "";
			projectRoot = "";
			targets = (
				062A93462512F0F500259794 /* prac_Realm */,
			);
		};
/* End PBXProject section */

/* Begin PBXResourcesBuildPhase section */
		062A93452512F0F500259794 /* Resources */ = {
			isa = PBXResourcesBuildPhase;
			buildActionMask = 2147483647;
			files = (
				062A93572512F0F600259794 /* LaunchScreen.storyboard in Resources */,
				062A93542512F0F600259794 /* Assets.xcassets in Resources */,
				062A93522512F0F500259794 /* Main.storyboard in Resources */,
			);
			runOnlyForDeploymentPostprocessing = 0;
		};
/* End PBXResourcesBuildPhase section */

/* Begin PBXShellScriptBuildPhase section */
		70493E2F14AE1C80745CDA9F /* [CP] Embed Pods Frameworks */ = {
			isa = PBXShellScriptBuildPhase;
			buildActionMask = 2147483647;
			files = (
			);
			inputFileListPaths = (
				"${PODS_ROOT}/Target Support Files/Pods-prac_Realm/Pods-prac_Realm-frameworks-${CONFIGURATION}-input-files.xcfilelist",
			);
			name = "[CP] Embed Pods Frameworks";
			outputFileListPaths = (
				"${PODS_ROOT}/Target Support Files/Pods-prac_Realm/Pods-prac_Realm-frameworks-${CONFIGURATION}-output-files.xcfilelist",
			);
			runOnlyForDeploymentPostprocessing = 0;
			shellPath = /bin/sh;
			shellScript = "\"${PODS_ROOT}/Target Support Files/Pods-prac_Realm/Pods-prac_Realm-frameworks.sh\"\n";
			showEnvVarsInLog = 0;
		};
		EC1B4FE0FBBFFA4869F9E157 /* [CP] Check Pods Manifest.lock */ = {
			isa = PBXShellScriptBuildPhase;
			buildActionMask = 2147483647;
			files = (
			);
			inputFileListPaths = (
			);
			inputPaths = (
				"${PODS_PODFILE_DIR_PATH}/Podfile.lock",
				"${PODS_ROOT}/Manifest.lock",
			);
			name = "[CP] Check Pods Manifest.lock";
			outputFileListPaths = (
			);
			outputPaths = (
				"$(DERIVED_FILE_DIR)/Pods-prac_Realm-checkManifestLockResult.txt",
			);
			runOnlyForDeploymentPostprocessing = 0;
			shellPath = /bin/sh;
			shellScript = "diff \"${PODS_PODFILE_DIR_PATH}/Podfile.lock\" \"${PODS_ROOT}/Manifest.lock\" > /dev/null\nif [ $? != 0 ] ; then\n    # print error to STDERR\n    echo \"error: The sandbox is not in sync with the Podfile.lock. Run 'pod install' or update your CocoaPods installation.\" >&2\n    exit 1\nfi\n# This output is used by Xcode 'outputs' to avoid re-running this script phase.\necho \"SUCCESS\" > \"${SCRIPT_OUTPUT_FILE_0}\"\n";
			showEnvVarsInLog = 0;
		};
/* End PBXShellScriptBuildPhase section */

/* Begin PBXSourcesBuildPhase section */
		062A93432512F0F500259794 /* Sources */ = {
			isa = PBXSourcesBuildPhase;
			buildActionMask = 2147483647;
			files = (
				062A934F2512F0F500259794 /* ViewController.swift in Sources */,
				062A934B2512F0F500259794 /* AppDelegate.swift in Sources */,
				062A934D2512F0F500259794 /* SceneDelegate.swift in Sources */,
			);
			runOnlyForDeploymentPostprocessing = 0;
		};
/* End PBXSourcesBuildPhase section */

/* Begin PBXVariantGroup section */
		062A93502512F0F500259794 /* Main.storyboard */ = {
			isa = PBXVariantGroup;
			children = (
				062A93512512F0F500259794 /* Base */,
			);
			name = Main.storyboard;
			sourceTree = "<group>";
		};
		062A93552512F0F600259794 /* LaunchScreen.storyboard */ = {
			isa = PBXVariantGroup;
			children = (
				062A93562512F0F600259794 /* Base */,
			);
			name = LaunchScreen.storyboard;
			sourceTree = "<group>";
		};
/* End PBXVariantGroup section */

/* Begin XCBuildConfiguration section */
		062A93592512F0F600259794 /* Debug */ = {
			isa = XCBuildConfiguration;
			buildSettings = {
				ALWAYS_SEARCH_USER_PATHS = NO;
				CLANG_ANALYZER_NONNULL = YES;
				CLANG_ANALYZER_NUMBER_OBJECT_CONVERSION = YES_AGGRESSIVE;
				CLANG_CXX_LANGUAGE_STANDARD = "gnu++14";
				CLANG_CXX_LIBRARY = "libc++";
				CLANG_ENABLE_MODULES = YES;
				CLANG_ENABLE_OBJC_ARC = YES;
				CLANG_ENABLE_OBJC_WEAK = YES;
				CLANG_WARN_BLOCK_CAPTURE_AUTORELEASING = YES;
				CLANG_WARN_BOOL_CONVERSION = YES;
				CLANG_WARN_COMMA = YES;
				CLANG_WARN_CONSTANT_CONVERSION = YES;
				CLANG_WARN_DEPRECATED_OBJC_IMPLEMENTATIONS = YES;
				CLANG_WARN_DIRECT_OBJC_ISA_USAGE = YES_ERROR;
				CLANG_WARN_DOCUMENTATION_COMMENTS = YES;
				CLANG_WARN_EMPTY_BODY = YES;
				CLANG_WARN_ENUM_CONVERSION = YES;
				CLANG_WARN_INFINITE_RECURSION = YES;
				CLANG_WARN_INT_CONVERSION = YES;
				CLANG_WARN_NON_LITERAL_NULL_CONVERSION = YES;
				CLANG_WARN_OBJC_IMPLICIT_RETAIN_SELF = YES;
				CLANG_WARN_OBJC_LITERAL_CONVERSION = YES;
				CLANG_WARN_OBJC_ROOT_CLASS = YES_ERROR;
				CLANG_WARN_RANGE_LOOP_ANALYSIS = YES;
				CLANG_WARN_STRICT_PROTOTYPES = YES;
				CLANG_WARN_SUSPICIOUS_MOVE = YES;
				CLANG_WARN_UNGUARDED_AVAILABILITY = YES_AGGRESSIVE;
				CLANG_WARN_UNREACHABLE_CODE = YES;
				CLANG_WARN__DUPLICATE_METHOD_MATCH = YES;
				COPY_PHASE_STRIP = NO;
				DEBUG_INFORMATION_FORMAT = dwarf;
				ENABLE_STRICT_OBJC_MSGSEND = YES;
				ENABLE_TESTABILITY = YES;
				GCC_C_LANGUAGE_STANDARD = gnu11;
				GCC_DYNAMIC_NO_PIC = NO;
				GCC_NO_COMMON_BLOCKS = YES;
				GCC_OPTIMIZATION_LEVEL = 0;
				GCC_PREPROCESSOR_DEFINITIONS = (
					"DEBUG=1",
					"$(inherited)",
				);
				GCC_WARN_64_TO_32_BIT_CONVERSION = YES;
				GCC_WARN_ABOUT_RETURN_TYPE = YES_ERROR;
				GCC_WARN_UNDECLARED_SELECTOR = YES;
				GCC_WARN_UNINITIALIZED_AUTOS = YES_AGGRESSIVE;
				GCC_WARN_UNUSED_FUNCTION = YES;
				GCC_WARN_UNUSED_VARIABLE = YES;
				IPHONEOS_DEPLOYMENT_TARGET = 13.7;
				MTL_ENABLE_DEBUG_INFO = INCLUDE_SOURCE;
				MTL_FAST_MATH = YES;
				ONLY_ACTIVE_ARCH = YES;
				SDKROOT = iphoneos;
				SWIFT_ACTIVE_COMPILATION_CONDITIONS = DEBUG;
				SWIFT_OPTIMIZATION_LEVEL = "-Onone";
			};
			name = Debug;
		};
		062A935A2512F0F600259794 /* Release */ = {
			isa = XCBuildConfiguration;
			buildSettings = {
				ALWAYS_SEARCH_USER_PATHS = NO;
				CLANG_ANALYZER_NONNULL = YES;
				CLANG_ANALYZER_NUMBER_OBJECT_CONVERSION = YES_AGGRESSIVE;
				CLANG_CXX_LANGUAGE_STANDARD = "gnu++14";
				CLANG_CXX_LIBRARY = "libc++";
				CLANG_ENABLE_MODULES = YES;
				CLANG_ENABLE_OBJC_ARC = YES;
				CLANG_ENABLE_OBJC_WEAK = YES;
				CLANG_WARN_BLOCK_CAPTURE_AUTORELEASING = YES;
				CLANG_WARN_BOOL_CONVERSION = YES;
				CLANG_WARN_COMMA = YES;
				CLANG_WARN_CONSTANT_CONVERSION = YES;
				CLANG_WARN_DEPRECATED_OBJC_IMPLEMENTATIONS = YES;
				CLANG_WARN_DIRECT_OBJC_ISA_USAGE = YES_ERROR;
				CLANG_WARN_DOCUMENTATION_COMMENTS = YES;
				CLANG_WARN_EMPTY_BODY = YES;
				CLANG_WARN_ENUM_CONVERSION = YES;
				CLANG_WARN_INFINITE_RECURSION = YES;
				CLANG_WARN_INT_CONVERSION = YES;
				CLANG_WARN_NON_LITERAL_NULL_CONVERSION = YES;
				CLANG_WARN_OBJC_IMPLICIT_RETAIN_SELF = YES;
				CLANG_WARN_OBJC_LITERAL_CONVERSION = YES;
				CLANG_WARN_OBJC_ROOT_CLASS = YES_ERROR;
				CLANG_WARN_RANGE_LOOP_ANALYSIS = YES;
				CLANG_WARN_STRICT_PROTOTYPES = YES;
				CLANG_WARN_SUSPICIOUS_MOVE = YES;
				CLANG_WARN_UNGUARDED_AVAILABILITY = YES_AGGRESSIVE;
				CLANG_WARN_UNREACHABLE_CODE = YES;
				CLANG_WARN__DUPLICATE_METHOD_MATCH = YES;
				COPY_PHASE_STRIP = NO;
				DEBUG_INFORMATION_FORMAT = "dwarf-with-dsym";
				ENABLE_NS_ASSERTIONS = NO;
				ENABLE_STRICT_OBJC_MSGSEND = YES;
				GCC_C_LANGUAGE_STANDARD = gnu11;
				GCC_NO_COMMON_BLOCKS = YES;
				GCC_WARN_64_TO_32_BIT_CONVERSION = YES;
				GCC_WARN_ABOUT_RETURN_TYPE = YES_ERROR;
				GCC_WARN_UNDECLARED_SELECTOR = YES;
				GCC_WARN_UNINITIALIZED_AUTOS = YES_AGGRESSIVE;
				GCC_WARN_UNUSED_FUNCTION = YES;
				GCC_WARN_UNUSED_VARIABLE = YES;
				IPHONEOS_DEPLOYMENT_TARGET = 13.7;
				MTL_ENABLE_DEBUG_INFO = NO;
				MTL_FAST_MATH = YES;
				SDKROOT = iphoneos;
				SWIFT_COMPILATION_MODE = wholemodule;
				SWIFT_OPTIMIZATION_LEVEL = "-O";
				VALIDATE_PRODUCT = YES;
			};
			name = Release;
		};
		062A935C2512F0F600259794 /* Debug */ = {
			isa = XCBuildConfiguration;
			baseConfigurationReference = 79A61E208C35E3CF2E04D881 /* Pods-prac_Realm.debug.xcconfig */;
			buildSettings = {
				ASSETCATALOG_COMPILER_APPICON_NAME = AppIcon;
				CODE_SIGN_STYLE = Automatic;
				DEVELOPMENT_TEAM = 7Z2CV7TB8R;
				INFOPLIST_FILE = prac_Realm/Info.plist;
				LD_RUNPATH_SEARCH_PATHS = (
					"$(inherited)",
					"@executable_path/Frameworks",
				);
				PRODUCT_BUNDLE_IDENTIFIER = "ns.prac-Realm";
				PRODUCT_NAME = "$(TARGET_NAME)";
				SWIFT_VERSION = 5.0;
				TARGETED_DEVICE_FAMILY = 1;
			};
			name = Debug;
		};
		062A935D2512F0F600259794 /* Release */ = {
			isa = XCBuildConfiguration;
			baseConfigurationReference = C60095134EEB359458C5959A /* Pods-prac_Realm.release.xcconfig */;
			buildSettings = {
				ASSETCATALOG_COMPILER_APPICON_NAME = AppIcon;
				CODE_SIGN_STYLE = Automatic;
				DEVELOPMENT_TEAM = 7Z2CV7TB8R;
				INFOPLIST_FILE = prac_Realm/Info.plist;
				LD_RUNPATH_SEARCH_PATHS = (
					"$(inherited)",
					"@executable_path/Frameworks",
				);
				PRODUCT_BUNDLE_IDENTIFIER = "ns.prac-Realm";
				PRODUCT_NAME = "$(TARGET_NAME)";
				SWIFT_VERSION = 5.0;
				TARGETED_DEVICE_FAMILY = 1;
			};
			name = Release;
		};
/* End XCBuildConfiguration section */

/* Begin XCConfigurationList section */
		062A93422512F0F500259794 /* Build configuration list for PBXProject "prac_Realm" */ = {
			isa = XCConfigurationList;
			buildConfigurations = (
				062A93592512F0F600259794 /* Debug */,
				062A935A2512F0F600259794 /* Release */,
			);
			defaultConfigurationIsVisible = 0;
			defaultConfigurationName = Release;
		};
		062A935B2512F0F600259794 /* Build configuration list for PBXNativeTarget "prac_Realm" */ = {
			isa = XCConfigurationList;
			buildConfigurations = (
				062A935C2512F0F600259794 /* Debug */,
				062A935D2512F0F600259794 /* Release */,
			);
			defaultConfigurationIsVisible = 0;
			defaultConfigurationName = Release;
		};
/* End XCConfigurationList section */
	};
	rootObject = 062A933F2512F0F500259794 /* Project object */;
}
