// !$*UTF8*$!
{
	archiveVersion = 1;
	classes = {
	};
	objectVersion = 50;
	objects = {

/* Begin PBXBuildFile section */
		0615E65322F968B300473A2E /* AppDelegate.swift in Sources */ = {isa = PBXBuildFile; fileRef = 0615E65222F968B300473A2E /* AppDelegate.swift */; };
		0615E65522F968B300473A2E /* ViewController.swift in Sources */ = {isa = PBXBuildFile; fileRef = 0615E65422F968B300473A2E /* ViewController.swift */; };
		0615E65822F968B300473A2E /* Main.storyboard in Resources */ = {isa = PBXBuildFile; fileRef = 0615E65622F968B300473A2E /* Main.storyboard */; };
		0615E65A22F968B400473A2E /* Assets.xcassets in Resources */ = {isa = PBXBuildFile; fileRef = 0615E65922F968B400473A2E /* Assets.xcassets */; };
		0615E65D22F968B400473A2E /* LaunchScreen.storyboard in Resources */ = {isa = PBXBuildFile; fileRef = 0615E65B22F968B400473A2E /* LaunchScreen.storyboard */; };
		0615E66822F968B400473A2E /* prac_unitTestTests.swift in Sources */ = {isa = PBXBuildFile; fileRef = 0615E66722F968B400473A2E /* prac_unitTestTests.swift */; };
		0615E67722F96B3100473A2E /* Leap.swift in Sources */ = {isa = PBXBuildFile; fileRef = 0615E67622F96B3100473A2E /* Leap.swift */; };
/* End PBXBuildFile section */

/* Begin PBXContainerItemProxy section */
		0615E66422F968B400473A2E /* PBXContainerItemProxy */ = {
			isa = PBXContainerItemProxy;
			containerPortal = 0615E64722F968B300473A2E /* Project object */;
			proxyType = 1;
			remoteGlobalIDString = 0615E64E22F968B300473A2E;
			remoteInfo = prac_unitTest;
		};
/* End PBXContainerItemProxy section */

/* Begin PBXFileReference section */
		0615E64F22F968B300473A2E /* prac_unitTest.app */ = {isa = PBXFileReference; explicitFileType = wrapper.application; includeInIndex = 0; path = prac_unitTest.app; sourceTree = BUILT_PRODUCTS_DIR; };
		0615E65222F968B300473A2E /* AppDelegate.swift */ = {isa = PBXFileReference; lastKnownFileType = sourcecode.swift; path = AppDelegate.swift; sourceTree = "<group>"; };
		0615E65422F968B300473A2E /* ViewController.swift */ = {isa = PBXFileReference; lastKnownFileType = sourcecode.swift; path = ViewController.swift; sourceTree = "<group>"; };
		0615E65722F968B300473A2E /* Base */ = {isa = PBXFileReference; lastKnownFileType = file.storyboard; name = Base; path = Base.lproj/Main.storyboard; sourceTree = "<group>"; };
		0615E65922F968B400473A2E /* Assets.xcassets */ = {isa = PBXFileReference; lastKnownFileType = folder.assetcatalog; path = Assets.xcassets; sourceTree = "<group>"; };
		0615E65C22F968B400473A2E /* Base */ = {isa = PBXFileReference; lastKnownFileType = file.storyboard; name = Base; path = Base.lproj/LaunchScreen.storyboard; sourceTree = "<group>"; };
		0615E65E22F968B400473A2E /* Info.plist */ = {isa = PBXFileReference; lastKnownFileType = text.plist.xml; path = Info.plist; sourceTree = "<group>"; };
		0615E66322F968B400473A2E /* prac_unitTestTests.xctest */ = {isa = PBXFileReference; explicitFileType = wrapper.cfbundle; includeInIndex = 0; path = prac_unitTestTests.xctest; sourceTree = BUILT_PRODUCTS_DIR; };
		0615E66722F968B400473A2E /* prac_unitTestTests.swift */ = {isa = PBXFileReference; lastKnownFileType = sourcecode.swift; path = prac_unitTestTests.swift; sourceTree = "<group>"; };
		0615E66922F968B400473A2E /* Info.plist */ = {isa = PBXFileReference; lastKnownFileType = text.plist.xml; path = Info.plist; sourceTree = "<group>"; };
		0615E67622F96B3100473A2E /* Leap.swift */ = {isa = PBXFileReference; lastKnownFileType = sourcecode.swift; path = Leap.swift; sourceTree = "<group>"; };
/* End PBXFileReference section */

/* Begin PBXFrameworksBuildPhase section */
		0615E64C22F968B300473A2E /* Frameworks */ = {
			isa = PBXFrameworksBuildPhase;
			buildActionMask = 2147483647;
			files = (
			);
			runOnlyForDeploymentPostprocessing = 0;
		};
		0615E66022F968B400473A2E /* Frameworks */ = {
			isa = PBXFrameworksBuildPhase;
			buildActionMask = 2147483647;
			files = (
			);
			runOnlyForDeploymentPostprocessing = 0;
		};
/* End PBXFrameworksBuildPhase section */

/* Begin PBXGroup section */
		0615E64622F968B300473A2E = {
			isa = PBXGroup;
			children = (
				0615E65122F968B300473A2E /* prac_unitTest */,
				0615E66622F968B400473A2E /* prac_unitTestTests */,
				0615E65022F968B300473A2E /* Products */,
			);
			sourceTree = "<group>";
		};
		0615E65022F968B300473A2E /* Products */ = {
			isa = PBXGroup;
			children = (
				0615E64F22F968B300473A2E /* prac_unitTest.app */,
				0615E66322F968B400473A2E /* prac_unitTestTests.xctest */,
			);
			name = Products;
			sourceTree = "<group>";
		};
		0615E65122F968B300473A2E /* prac_unitTest */ = {
			isa = PBXGroup;
			children = (
				0615E67622F96B3100473A2E /* Leap.swift */,
				0615E65222F968B300473A2E /* AppDelegate.swift */,
				0615E65422F968B300473A2E /* ViewController.swift */,
				0615E65622F968B300473A2E /* Main.storyboard */,
				0615E65922F968B400473A2E /* Assets.xcassets */,
				0615E65B22F968B400473A2E /* LaunchScreen.storyboard */,
				0615E65E22F968B400473A2E /* Info.plist */,
			);
			path = prac_unitTest;
			sourceTree = "<group>";
		};
		0615E66622F968B400473A2E /* prac_unitTestTests */ = {
			isa = PBXGroup;
			children = (
				0615E66722F968B400473A2E /* prac_unitTestTests.swift */,
				0615E66922F968B400473A2E /* Info.plist */,
			);
			path = prac_unitTestTests;
			sourceTree = "<group>";
		};
/* End PBXGroup section */

/* Begin PBXNativeTarget section */
		0615E64E22F968B300473A2E /* prac_unitTest */ = {
			isa = PBXNativeTarget;
			buildConfigurationList = 0615E66C22F968B400473A2E /* Build configuration list for PBXNativeTarget "prac_unitTest" */;
			buildPhases = (
				0615E64B22F968B300473A2E /* Sources */,
				0615E64C22F968B300473A2E /* Frameworks */,
				0615E64D22F968B300473A2E /* Resources */,
			);
			buildRules = (
			);
			dependencies = (
			);
			name = prac_unitTest;
			productName = prac_unitTest;
			productReference = 0615E64F22F968B300473A2E /* prac_unitTest.app */;
			productType = "com.apple.product-type.application";
		};
		0615E66222F968B400473A2E /* prac_unitTestTests */ = {
			isa = PBXNativeTarget;
			buildConfigurationList = 0615E66F22F968B400473A2E /* Build configuration list for PBXNativeTarget "prac_unitTestTests" */;
			buildPhases = (
				0615E65F22F968B400473A2E /* Sources */,
				0615E66022F968B400473A2E /* Frameworks */,
				0615E66122F968B400473A2E /* Resources */,
			);
			buildRules = (
			);
			dependencies = (
				0615E66522F968B400473A2E /* PBXTargetDependency */,
			);
			name = prac_unitTestTests;
			productName = prac_unitTestTests;
			productReference = 0615E66322F968B400473A2E /* prac_unitTestTests.xctest */;
			productType = "com.apple.product-type.bundle.unit-test";
		};
/* End PBXNativeTarget section */

/* Begin PBXProject section */
		0615E64722F968B300473A2E /* Project object */ = {
			isa = PBXProject;
			attributes = {
				LastSwiftUpdateCheck = 1030;
				LastUpgradeCheck = 1030;
				ORGANIZATIONNAME = ns;
				TargetAttributes = {
					0615E64E22F968B300473A2E = {
						CreatedOnToolsVersion = 10.3;
					};
					0615E66222F968B400473A2E = {
						CreatedOnToolsVersion = 10.3;
						TestTargetID = 0615E64E22F968B300473A2E;
					};
				};
			};
			buildConfigurationList = 0615E64A22F968B300473A2E /* Build configuration list for PBXProject "prac_unitTest" */;
			compatibilityVersion = "Xcode 9.3";
			developmentRegion = en;
			hasScannedForEncodings = 0;
			knownRegions = (
				en,
				Base,
			);
			mainGroup = 0615E64622F968B300473A2E;
			productRefGroup = 0615E65022F968B300473A2E /* Products */;
			projectDirPath = "";
			projectRoot = "";
			targets = (
				0615E64E22F968B300473A2E /* prac_unitTest */,
				0615E66222F968B400473A2E /* prac_unitTestTests */,
			);
		};
/* End PBXProject section */

/* Begin PBXResourcesBuildPhase section */
		0615E64D22F968B300473A2E /* Resources */ = {
			isa = PBXResourcesBuildPhase;
			buildActionMask = 2147483647;
			files = (
				0615E65D22F968B400473A2E /* LaunchScreen.storyboard in Resources */,
				0615E65A22F968B400473A2E /* Assets.xcassets in Resources */,
				0615E65822F968B300473A2E /* Main.storyboard in Resources */,
			);
			runOnlyForDeploymentPostprocessing = 0;
		};
		0615E66122F968B400473A2E /* Resources */ = {
			isa = PBXResourcesBuildPhase;
			buildActionMask = 2147483647;
			files = (
			);
			runOnlyForDeploymentPostprocessing = 0;
		};
/* End PBXResourcesBuildPhase section */

/* Begin PBXSourcesBuildPhase section */
		0615E64B22F968B300473A2E /* Sources */ = {
			isa = PBXSourcesBuildPhase;
			buildActionMask = 2147483647;
			files = (
				0615E65522F968B300473A2E /* ViewController.swift in Sources */,
				0615E67722F96B3100473A2E /* Leap.swift in Sources */,
				0615E65322F968B300473A2E /* AppDelegate.swift in Sources */,
			);
			runOnlyForDeploymentPostprocessing = 0;
		};
		0615E65F22F968B400473A2E /* Sources */ = {
			isa = PBXSourcesBuildPhase;
			buildActionMask = 2147483647;
			files = (
				0615E66822F968B400473A2E /* prac_unitTestTests.swift in Sources */,
			);
			runOnlyForDeploymentPostprocessing = 0;
		};
/* End PBXSourcesBuildPhase section */

/* Begin PBXTargetDependency section */
		0615E66522F968B400473A2E /* PBXTargetDependency */ = {
			isa = PBXTargetDependency;
			target = 0615E64E22F968B300473A2E /* prac_unitTest */;
			targetProxy = 0615E66422F968B400473A2E /* PBXContainerItemProxy */;
		};
/* End PBXTargetDependency section */

/* Begin PBXVariantGroup section */
		0615E65622F968B300473A2E /* Main.storyboard */ = {
			isa = PBXVariantGroup;
			children = (
				0615E65722F968B300473A2E /* Base */,
			);
			name = Main.storyboard;
			sourceTree = "<group>";
		};
		0615E65B22F968B400473A2E /* LaunchScreen.storyboard */ = {
			isa = PBXVariantGroup;
			children = (
				0615E65C22F968B400473A2E /* Base */,
			);
			name = LaunchScreen.storyboard;
			sourceTree = "<group>";
		};
/* End PBXVariantGroup section */

/* Begin XCBuildConfiguration section */
		0615E66A22F968B400473A2E /* Debug */ = {
			isa = XCBuildConfiguration;
			buildSettings = {
				ALWAYS_SEARCH_USER_PATHS = NO;
				CLANG_ANALYZER_NONNULL = YES;
				CLANG_ANALYZER_NUMBER_OBJECT_CONVERSION = YES_AGGRESSIVE;
				CLANG_CXX_LANGUAGE_STANDARD = "gnu++14";
				CLANG_CXX_LIBRARY = "libc++";
				CLANG_ENABLE_MODULES = YES;
				CLANG_ENABLE_OBJC_ARC = YES;
				CLANG_ENABLE_OBJC_WEAK = YES;
				CLANG_WARN_BLOCK_CAPTURE_AUTORELEASING = YES;
				CLANG_WARN_BOOL_CONVERSION = YES;
				CLANG_WARN_COMMA = YES;
				CLANG_WARN_CONSTANT_CONVERSION = YES;
				CLANG_WARN_DEPRECATED_OBJC_IMPLEMENTATIONS = YES;
				CLANG_WARN_DIRECT_OBJC_ISA_USAGE = YES_ERROR;
				CLANG_WARN_DOCUMENTATION_COMMENTS = YES;
				CLANG_WARN_EMPTY_BODY = YES;
				CLANG_WARN_ENUM_CONVERSION = YES;
				CLANG_WARN_INFINITE_RECURSION = YES;
				CLANG_WARN_INT_CONVERSION = YES;
				CLANG_WARN_NON_LITERAL_NULL_CONVERSION = YES;
				CLANG_WARN_OBJC_IMPLICIT_RETAIN_SELF = YES;
				CLANG_WARN_OBJC_LITERAL_CONVERSION = YES;
				CLANG_WARN_OBJC_ROOT_CLASS = YES_ERROR;
				CLANG_WARN_RANGE_LOOP_ANALYSIS = YES;
				CLANG_WARN_STRICT_PROTOTYPES = YES;
				CLANG_WARN_SUSPICIOUS_MOVE = YES;
				CLANG_WARN_UNGUARDED_AVAILABILITY = YES_AGGRESSIVE;
				CLANG_WARN_UNREACHABLE_CODE = YES;
				CLANG_WARN__DUPLICATE_METHOD_MATCH = YES;
				CODE_SIGN_IDENTITY = "iPhone Developer";
				COPY_PHASE_STRIP = NO;
				DEBUG_INFORMATION_FORMAT = dwarf;
				ENABLE_STRICT_OBJC_MSGSEND = YES;
				ENABLE_TESTABILITY = YES;
				GCC_C_LANGUAGE_STANDARD = gnu11;
				GCC_DYNAMIC_NO_PIC = NO;
				GCC_NO_COMMON_BLOCKS = YES;
				GCC_OPTIMIZATION_LEVEL = 0;
				GCC_PREPROCESSOR_DEFINITIONS = (
					"DEBUG=1",
					"$(inherited)",
				);
				GCC_WARN_64_TO_32_BIT_CONVERSION = YES;
				GCC_WARN_ABOUT_RETURN_TYPE = YES_ERROR;
				GCC_WARN_UNDECLARED_SELECTOR = YES;
				GCC_WARN_UNINITIALIZED_AUTOS = YES_AGGRESSIVE;
				GCC_WARN_UNUSED_FUNCTION = YES;
				GCC_WARN_UNUSED_VARIABLE = YES;
				IPHONEOS_DEPLOYMENT_TARGET = 12.4;
				MTL_ENABLE_DEBUG_INFO = INCLUDE_SOURCE;
				MTL_FAST_MATH = YES;
				ONLY_ACTIVE_ARCH = YES;
				SDKROOT = iphoneos;
				SWIFT_ACTIVE_COMPILATION_CONDITIONS = DEBUG;
				SWIFT_OPTIMIZATION_LEVEL = "-Onone";
			};
			name = Debug;
		};
		0615E66B22F968B400473A2E /* Release */ = {
			isa = XCBuildConfiguration;
			buildSettings = {
				ALWAYS_SEARCH_USER_PATHS = NO;
				CLANG_ANALYZER_NONNULL = YES;
				CLANG_ANALYZER_NUMBER_OBJECT_CONVERSION = YES_AGGRESSIVE;
				CLANG_CXX_LANGUAGE_STANDARD = "gnu++14";
				CLANG_CXX_LIBRARY = "libc++";
				CLANG_ENABLE_MODULES = YES;
				CLANG_ENABLE_OBJC_ARC = YES;
				CLANG_ENABLE_OBJC_WEAK = YES;
				CLANG_WARN_BLOCK_CAPTURE_AUTORELEASING = YES;
				CLANG_WARN_BOOL_CONVERSION = YES;
				CLANG_WARN_COMMA = YES;
				CLANG_WARN_CONSTANT_CONVERSION = YES;
				CLANG_WARN_DEPRECATED_OBJC_IMPLEMENTATIONS = YES;
				CLANG_WARN_DIRECT_OBJC_ISA_USAGE = YES_ERROR;
				CLANG_WARN_DOCUMENTATION_COMMENTS = YES;
				CLANG_WARN_EMPTY_BODY = YES;
				CLANG_WARN_ENUM_CONVERSION = YES;
				CLANG_WARN_INFINITE_RECURSION = YES;
				CLANG_WARN_INT_CONVERSION = YES;
				CLANG_WARN_NON_LITERAL_NULL_CONVERSION = YES;
				CLANG_WARN_OBJC_IMPLICIT_RETAIN_SELF = YES;
				CLANG_WARN_OBJC_LITERAL_CONVERSION = YES;
				CLANG_WARN_OBJC_ROOT_CLASS = YES_ERROR;
				CLANG_WARN_RANGE_LOOP_ANALYSIS = YES;
				CLANG_WARN_STRICT_PROTOTYPES = YES;
				CLANG_WARN_SUSPICIOUS_MOVE = YES;
				CLANG_WARN_UNGUARDED_AVAILABILITY = YES_AGGRESSIVE;
				CLANG_WARN_UNREACHABLE_CODE = YES;
				CLANG_WARN__DUPLICATE_METHOD_MATCH = YES;
				CODE_SIGN_IDENTITY = "iPhone Developer";
				COPY_PHASE_STRIP = NO;
				DEBUG_INFORMATION_FORMAT = "dwarf-with-dsym";
				ENABLE_NS_ASSERTIONS = NO;
				ENABLE_STRICT_OBJC_MSGSEND = YES;
				GCC_C_LANGUAGE_STANDARD = gnu11;
				GCC_NO_COMMON_BLOCKS = YES;
				GCC_WARN_64_TO_32_BIT_CONVERSION = YES;
				GCC_WARN_ABOUT_RETURN_TYPE = YES_ERROR;
				GCC_WARN_UNDECLARED_SELECTOR = YES;
				GCC_WARN_UNINITIALIZED_AUTOS = YES_AGGRESSIVE;
				GCC_WARN_UNUSED_FUNCTION = YES;
				GCC_WARN_UNUSED_VARIABLE = YES;
				IPHONEOS_DEPLOYMENT_TARGET = 12.4;
				MTL_ENABLE_DEBUG_INFO = NO;
				MTL_FAST_MATH = YES;
				SDKROOT = iphoneos;
				SWIFT_COMPILATION_MODE = wholemodule;
				SWIFT_OPTIMIZATION_LEVEL = "-O";
				VALIDATE_PRODUCT = YES;
			};
			name = Release;
		};
		0615E66D22F968B400473A2E /* Debug */ = {
			isa = XCBuildConfiguration;
			buildSettings = {
				ASSETCATALOG_COMPILER_APPICON_NAME = AppIcon;
				CODE_SIGN_STYLE = Automatic;
				INFOPLIST_FILE = prac_unitTest/Info.plist;
				LD_RUNPATH_SEARCH_PATHS = (
					"$(inherited)",
					"@executable_path/Frameworks",
				);
				PRODUCT_BUNDLE_IDENTIFIER = "ns.prac-unitTest";
				PRODUCT_NAME = "$(TARGET_NAME)";
				SWIFT_VERSION = 5.0;
				TARGETED_DEVICE_FAMILY = "1,2";
				VALIDATE_PRODUCT = YES;
			};
			name = Debug;
		};
		0615E66E22F968B400473A2E /* Release */ = {
			isa = XCBuildConfiguration;
			buildSettings = {
				ASSETCATALOG_COMPILER_APPICON_NAME = AppIcon;
				CODE_SIGN_STYLE = Automatic;
				INFOPLIST_FILE = prac_unitTest/Info.plist;
				LD_RUNPATH_SEARCH_PATHS = (
					"$(inherited)",
					"@executable_path/Frameworks",
				);
				PRODUCT_BUNDLE_IDENTIFIER = "ns.prac-unitTest";
				PRODUCT_NAME = "$(TARGET_NAME)";
				SWIFT_VERSION = 5.0;
				TARGETED_DEVICE_FAMILY = "1,2";
			};
			name = Release;
		};
		0615E67022F968B400473A2E /* Debug */ = {
			isa = XCBuildConfiguration;
			buildSettings = {
				ALWAYS_EMBED_SWIFT_STANDARD_LIBRARIES = YES;
				BUNDLE_LOADER = "$(TEST_HOST)";
				CODE_SIGN_STYLE = Automatic;
				INFOPLIST_FILE = prac_unitTestTests/Info.plist;
				LD_RUNPATH_SEARCH_PATHS = (
					"$(inherited)",
					"@executable_path/Frameworks",
					"@loader_path/Frameworks",
				);
				PRODUCT_BUNDLE_IDENTIFIER = "ns.prac-unitTestTests";
				PRODUCT_NAME = "$(TARGET_NAME)";
				SWIFT_VERSION = 5.0;
				TARGETED_DEVICE_FAMILY = "1,2";
				TEST_HOST = "$(BUILT_PRODUCTS_DIR)/prac_unitTest.app/prac_unitTest";
			};
			name = Debug;
		};
		0615E67122F968B400473A2E /* Release */ = {
			isa = XCBuildConfiguration;
			buildSettings = {
				ALWAYS_EMBED_SWIFT_STANDARD_LIBRARIES = YES;
				BUNDLE_LOADER = "$(TEST_HOST)";
				CODE_SIGN_STYLE = Automatic;
				INFOPLIST_FILE = prac_unitTestTests/Info.plist;
				LD_RUNPATH_SEARCH_PATHS = (
					"$(inherited)",
					"@executable_path/Frameworks",
					"@loader_path/Frameworks",
				);
				PRODUCT_BUNDLE_IDENTIFIER = "ns.prac-unitTestTests";
				PRODUCT_NAME = "$(TARGET_NAME)";
				SWIFT_VERSION = 5.0;
				TARGETED_DEVICE_FAMILY = "1,2";
				TEST_HOST = "$(BUILT_PRODUCTS_DIR)/prac_unitTest.app/prac_unitTest";
			};
			name = Release;
		};
/* End XCBuildConfiguration section */

/* Begin XCConfigurationList section */
		0615E64A22F968B300473A2E /* Build configuration list for PBXProject "prac_unitTest" */ = {
			isa = XCConfigurationList;
			buildConfigurations = (
				0615E66A22F968B400473A2E /* Debug */,
				0615E66B22F968B400473A2E /* Release */,
			);
			defaultConfigurationIsVisible = 0;
			defaultConfigurationName = Release;
		};
		0615E66C22F968B400473A2E /* Build configuration list for PBXNativeTarget "prac_unitTest" */ = {
			isa = XCConfigurationList;
			buildConfigurations = (
				0615E66D22F968B400473A2E /* Debug */,
				0615E66E22F968B400473A2E /* Release */,
			);
			defaultConfigurationIsVisible = 0;
			defaultConfigurationName = Release;
		};
		0615E66F22F968B400473A2E /* Build configuration list for PBXNativeTarget "prac_unitTestTests" */ = {
			isa = XCConfigurationList;
			buildConfigurations = (
				0615E67022F968B400473A2E /* Debug */,
				0615E67122F968B400473A2E /* Release */,
			);
			defaultConfigurationIsVisible = 0;
			defaultConfigurationName = Release;
		};
/* End XCConfigurationList section */
	};
	rootObject = 0615E64722F968B300473A2E /* Project object */;
}
